// !$*UTF8*$!
{
	archiveVersion = 1;
	classes = {
	};
	objectVersion = 46;
	objects = {

/* Begin PBXBuildFile section */
		424F71331D45EBD400FB78FA /* StarGazerProtocol.m in Sources */ = {isa = PBXBuildFile; fileRef = 424F71321D45EBD400FB78FA /* StarGazerProtocol.m */; };
		4C667AEEA938854297F27795 /* libPods.a in Frameworks */ = {isa = PBXBuildFile; fileRef = AAC05B4E2E18680CC4941107 /* libPods.a */; };
		E30B62AD1C40AAE5006712F1 /* GLViewProcessingTest.m in Sources */ = {isa = PBXBuildFile; fileRef = E30B62AC1C40AAE5006712F1 /* GLViewProcessingTest.m */; };
		E30EEC3E1C2532BD00352235 /* SocketMessageModel.m in Sources */ = {isa = PBXBuildFile; fileRef = E30EEC3D1C2532BD00352235 /* SocketMessageModel.m */; };
		E316366F1BEDA80A002EB100 /* ConnectStatesCell.m in Sources */ = {isa = PBXBuildFile; fileRef = E316366E1BEDA80A002EB100 /* ConnectStatesCell.m */; };
		E31636721BEDAA5D002EB100 /* CommonsFunc.m in Sources */ = {isa = PBXBuildFile; fileRef = E31636711BEDAA5D002EB100 /* CommonsFunc.m */; };
		E31636751BF0428F002EB100 /* AsyncSocket.m in Sources */ = {isa = PBXBuildFile; fileRef = E31636741BF0428F002EB100 /* AsyncSocket.m */; settings = {COMPILER_FLAGS = "-fno-objc-arc"; }; };
		E31636781BF05607002EB100 /* MainViewController.m in Sources */ = {isa = PBXBuildFile; fileRef = E31636771BF05607002EB100 /* MainViewController.m */; };
		E316367C1BF07AE4002EB100 /* CHYSlider.m in Sources */ = {isa = PBXBuildFile; fileRef = E316367B1BF07AE4002EB100 /* CHYSlider.m */; };
		E33DD38D1BF20DE40028FCBD /* SocketClientViewController.m in Sources */ = {isa = PBXBuildFile; fileRef = E33DD38B1BF20DE40028FCBD /* SocketClientViewController.m */; settings = {COMPILER_FLAGS = "-fno-objc-arc"; }; };
		E33DD38E1BF20DE40028FCBD /* SocketClientViewController_iPhone.xib in Resources */ = {isa = PBXBuildFile; fileRef = E33DD38C1BF20DE40028FCBD /* SocketClientViewController_iPhone.xib */; };
		E33DD3901BF20DED0028FCBD /* SocketClientViewController_iPad.xib in Resources */ = {isa = PBXBuildFile; fileRef = E33DD38F1BF20DED0028FCBD /* SocketClientViewController_iPad.xib */; };
		E34B9A2B1C5A4163009E4B78 /* JSDPad.m in Sources */ = {isa = PBXBuildFile; fileRef = E34B9A2A1C5A4163009E4B78 /* JSDPad.m */; };
		E34B9A3F1C5A41A3009E4B78 /* dPad-Down.png in Resources */ = {isa = PBXBuildFile; fileRef = E34B9A2D1C5A41A3009E4B78 /* dPad-Down.png */; };
		E34B9A401C5A41A3009E4B78 /* dPad-Down@2x.png in Resources */ = {isa = PBXBuildFile; fileRef = E34B9A2E1C5A41A3009E4B78 /* dPad-Down@2x.png */; };
		E34B9A411C5A41A3009E4B78 /* dPad-DownLeft.png in Resources */ = {isa = PBXBuildFile; fileRef = E34B9A2F1C5A41A3009E4B78 /* dPad-DownLeft.png */; };
		E34B9A421C5A41A3009E4B78 /* dPad-DownLeft@2x.png in Resources */ = {isa = PBXBuildFile; fileRef = E34B9A301C5A41A3009E4B78 /* dPad-DownLeft@2x.png */; };
		E34B9A431C5A41A3009E4B78 /* dPad-DownRight.png in Resources */ = {isa = PBXBuildFile; fileRef = E34B9A311C5A41A3009E4B78 /* dPad-DownRight.png */; };
		E34B9A441C5A41A3009E4B78 /* dPad-DownRight@2x.png in Resources */ = {isa = PBXBuildFile; fileRef = E34B9A321C5A41A3009E4B78 /* dPad-DownRight@2x.png */; };
		E34B9A451C5A41A3009E4B78 /* dPad-Left.png in Resources */ = {isa = PBXBuildFile; fileRef = E34B9A331C5A41A3009E4B78 /* dPad-Left.png */; };
		E34B9A461C5A41A3009E4B78 /* dPad-Left@2x.png in Resources */ = {isa = PBXBuildFile; fileRef = E34B9A341C5A41A3009E4B78 /* dPad-Left@2x.png */; };
		E34B9A471C5A41A3009E4B78 /* dPad-None.png in Resources */ = {isa = PBXBuildFile; fileRef = E34B9A351C5A41A3009E4B78 /* dPad-None.png */; };
		E34B9A481C5A41A3009E4B78 /* dPad-None@2x.png in Resources */ = {isa = PBXBuildFile; fileRef = E34B9A361C5A41A3009E4B78 /* dPad-None@2x.png */; };
		E34B9A491C5A41A3009E4B78 /* dPad-Right.png in Resources */ = {isa = PBXBuildFile; fileRef = E34B9A371C5A41A3009E4B78 /* dPad-Right.png */; };
		E34B9A4A1C5A41A3009E4B78 /* dPad-Right@2x.png in Resources */ = {isa = PBXBuildFile; fileRef = E34B9A381C5A41A3009E4B78 /* dPad-Right@2x.png */; };
		E34B9A4B1C5A41A3009E4B78 /* dPad-Up.png in Resources */ = {isa = PBXBuildFile; fileRef = E34B9A391C5A41A3009E4B78 /* dPad-Up.png */; };
		E34B9A4C1C5A41A3009E4B78 /* dPad-Up@2x.png in Resources */ = {isa = PBXBuildFile; fileRef = E34B9A3A1C5A41A3009E4B78 /* dPad-Up@2x.png */; };
		E34B9A4D1C5A41A3009E4B78 /* dPad-UpLeft.png in Resources */ = {isa = PBXBuildFile; fileRef = E34B9A3B1C5A41A3009E4B78 /* dPad-UpLeft.png */; };
		E34B9A4E1C5A41A3009E4B78 /* dPad-UpLeft@2x.png in Resources */ = {isa = PBXBuildFile; fileRef = E34B9A3C1C5A41A3009E4B78 /* dPad-UpLeft@2x.png */; };
		E34B9A4F1C5A41A3009E4B78 /* dPad-UpRight.png in Resources */ = {isa = PBXBuildFile; fileRef = E34B9A3D1C5A41A3009E4B78 /* dPad-UpRight.png */; };
		E34B9A501C5A41A3009E4B78 /* dPad-UpRight@2x.png in Resources */ = {isa = PBXBuildFile; fileRef = E34B9A3E1C5A41A3009E4B78 /* dPad-UpRight@2x.png */; };
		E34C26581C2CDCD3007936D8 /* LewPopupBackgroundView.m in Sources */ = {isa = PBXBuildFile; fileRef = E34C264D1C2CDCD2007936D8 /* LewPopupBackgroundView.m */; };
		E34C26591C2CDCD3007936D8 /* LewPopupViewAnimationDrop.m in Sources */ = {isa = PBXBuildFile; fileRef = E34C264F1C2CDCD3007936D8 /* LewPopupViewAnimationDrop.m */; };
		E34C265A1C2CDCD3007936D8 /* LewPopupViewAnimationFade.m in Sources */ = {isa = PBXBuildFile; fileRef = E34C26511C2CDCD3007936D8 /* LewPopupViewAnimationFade.m */; };
		E34C265B1C2CDCD3007936D8 /* LewPopupViewAnimationSlide.m in Sources */ = {isa = PBXBuildFile; fileRef = E34C26531C2CDCD3007936D8 /* LewPopupViewAnimationSlide.m */; };
		E34C265C1C2CDCD3007936D8 /* LewPopupViewAnimationSpring.m in Sources */ = {isa = PBXBuildFile; fileRef = E34C26551C2CDCD3007936D8 /* LewPopupViewAnimationSpring.m */; };
		E34C265D1C2CDCD3007936D8 /* UIViewController+LewPopupViewController.m in Sources */ = {isa = PBXBuildFile; fileRef = E34C26571C2CDCD3007936D8 /* UIViewController+LewPopupViewController.m */; };
		E34C26611C2CDCE1007936D8 /* PopupView.m in Sources */ = {isa = PBXBuildFile; fileRef = E34C265F1C2CDCE1007936D8 /* PopupView.m */; };
		E34C26621C2CDCE1007936D8 /* PopupView.xib in Resources */ = {isa = PBXBuildFile; fileRef = E34C26601C2CDCE1007936D8 /* PopupView.xib */; };
		E34C26651C2CEC43007936D8 /* DeskInfoModel.m in Sources */ = {isa = PBXBuildFile; fileRef = E34C26641C2CEC43007936D8 /* DeskInfoModel.m */; };
		E357F6101BE20F6500AE9454 /* ThirdViewController.m in Sources */ = {isa = PBXBuildFile; fileRef = E357F60F1BE20F6500AE9454 /* ThirdViewController.m */; };
		E357F6131BE20F8100AE9454 /* FourthViewController.m in Sources */ = {isa = PBXBuildFile; fileRef = E357F6121BE20F8100AE9454 /* FourthViewController.m */; };
		E35933421CF3F19D00636800 /* EditGraphModelAndCell.m in Sources */ = {isa = PBXBuildFile; fileRef = E35933411CF3F19D00636800 /* EditGraphModelAndCell.m */; };
		E35D11A81C0ECAA3009AF0BB /* SettingViewController.m in Sources */ = {isa = PBXBuildFile; fileRef = E35D11A71C0ECAA3009AF0BB /* SettingViewController.m */; };
		E35D11AB1C0ECAD2009AF0BB /* ResetSecurityViewController.m in Sources */ = {isa = PBXBuildFile; fileRef = E35D11AA1C0ECAD2009AF0BB /* ResetSecurityViewController.m */; };
		E35D11AE1C0EE0B8009AF0BB /* WebViewController.m in Sources */ = {isa = PBXBuildFile; fileRef = E35D11AD1C0EE0B8009AF0BB /* WebViewController.m */; };
		E35D11B21C0F1CC0009AF0BB /* PickDeskNumViewController.m in Sources */ = {isa = PBXBuildFile; fileRef = E35D11B11C0F1CC0009AF0BB /* PickDeskNumViewController.m */; };
		E36A67A01CEDACD600941DD1 /* RobotRouteViewController2.m in Sources */ = {isa = PBXBuildFile; fileRef = E36A679A1CEDACD600941DD1 /* RobotRouteViewController2.m */; };
		E36A67A11CEDACD600941DD1 /* FloydAlgorithm.m in Sources */ = {isa = PBXBuildFile; fileRef = E36A679D1CEDACD600941DD1 /* FloydAlgorithm.m */; };
		E36A67A21CEDACD600941DD1 /* RouteView.m in Sources */ = {isa = PBXBuildFile; fileRef = E36A679F1CEDACD600941DD1 /* RouteView.m */; };
		E36A67A91CEDADB600941DD1 /* ZDStickerView.m in Sources */ = {isa = PBXBuildFile; fileRef = E36A67A51CEDADB600941DD1 /* ZDStickerView.m */; };
		E36A67AA1CEDADB600941DD1 /* SPGripViewBorderView.m in Sources */ = {isa = PBXBuildFile; fileRef = E36A67A71CEDADB600941DD1 /* SPGripViewBorderView.m */; };
		E36A67AB1CEDADB600941DD1 /* ZDStickerView.bundle in Resources */ = {isa = PBXBuildFile; fileRef = E36A67A81CEDADB600941DD1 /* ZDStickerView.bundle */; };
		E3768DC21C4E08290084916D /* InternationControl.m in Sources */ = {isa = PBXBuildFile; fileRef = E3768DC11C4E08290084916D /* InternationControl.m */; };
		E3768DCB1C4E0F310084916D /* InfoPlist.strings in Resources */ = {isa = PBXBuildFile; fileRef = E3768DCD1C4E0F310084916D /* InfoPlist.strings */; };
		E3768DD11C4E11710084916D /* Localizable.strings in Resources */ = {isa = PBXBuildFile; fileRef = E3768DD31C4E11710084916D /* Localizable.strings */; };
		E37BA5031BE462C700DB7A96 /* JSAnalogueStick.m in Sources */ = {isa = PBXBuildFile; fileRef = E37BA5021BE462C700DB7A96 /* JSAnalogueStick.m */; };
		E37BA50A1BE7162500DB7A96 /* DeskView.m in Sources */ = {isa = PBXBuildFile; fileRef = E37BA5091BE7162500DB7A96 /* DeskView.m */; };
		E39560DC1CCE13D10059372B /* StarGazerViewController2.m in Sources */ = {isa = PBXBuildFile; fileRef = E39560DA1CCE13D10059372B /* StarGazerViewController2.m */; };
		E39560DD1CCE13D10059372B /* StarGazerViewController2.xib in Resources */ = {isa = PBXBuildFile; fileRef = E39560DB1CCE13D10059372B /* StarGazerViewController2.xib */; };
		E3995C151CDC26B400834ADB /* HitNewControl.m in Sources */ = {isa = PBXBuildFile; fileRef = E3995C141CDC26B400834ADB /* HitNewControl.m */; };
		E39DA2161C3A1E5E002065BE /* DeskInfoHelper.m in Sources */ = {isa = PBXBuildFile; fileRef = E39DA2151C3A1E5E002065BE /* DeskInfoHelper.m */; };
		E39DA2171C3A1E5E002065BE /* DeskInfoHelper.m in Sources */ = {isa = PBXBuildFile; fileRef = E39DA2151C3A1E5E002065BE /* DeskInfoHelper.m */; };
		E39EEF741CC5C24D00A812BF /* RobotStateCell.m in Sources */ = {isa = PBXBuildFile; fileRef = E39EEF731CC5C24D00A812BF /* RobotStateCell.m */; };
		E3A15BCB1CE2CA4800CD51BB /* STModel.m in Sources */ = {isa = PBXBuildFile; fileRef = E3A15BCA1CE2CA4800CD51BB /* STModel.m */; };
		E3C0B5241BE1EAA5004437EC /* main.m in Sources */ = {isa = PBXBuildFile; fileRef = E3C0B5231BE1EAA5004437EC /* main.m */; };
		E3C0B5271BE1EAA5004437EC /* AppDelegate.m in Sources */ = {isa = PBXBuildFile; fileRef = E3C0B5261BE1EAA5004437EC /* AppDelegate.m */; };
		E3C0B52A1BE1EAA5004437EC /* FirstViewController.m in Sources */ = {isa = PBXBuildFile; fileRef = E3C0B5291BE1EAA5004437EC /* FirstViewController.m */; };
		E3C0B52D1BE1EAA5004437EC /* SecondViewController.m in Sources */ = {isa = PBXBuildFile; fileRef = E3C0B52C1BE1EAA5004437EC /* SecondViewController.m */; };
		E3C0B5321BE1EAA5004437EC /* Images.xcassets in Resources */ = {isa = PBXBuildFile; fileRef = E3C0B5311BE1EAA5004437EC /* Images.xcassets */; };
		E3C0B5351BE1EAA5004437EC /* LaunchScreen.xib in Resources */ = {isa = PBXBuildFile; fileRef = E3C0B5331BE1EAA5004437EC /* LaunchScreen.xib */; };
		E3C0B5411BE1EAA6004437EC /* HitProjectTests.m in Sources */ = {isa = PBXBuildFile; fileRef = E3C0B5401BE1EAA6004437EC /* HitProjectTests.m */; };
		E3D671E21C3DEC3F00AF3391 /* HitControlHex.m in Sources */ = {isa = PBXBuildFile; fileRef = E3D671E11C3DEC3F00AF3391 /* HitControlHex.m */; };
		E3DFC53E1CF3336800206A07 /* DataCenter.m in Sources */ = {isa = PBXBuildFile; fileRef = E3DFC53D1CF3336800206A07 /* DataCenter.m */; };
		E3E0F8A51C0E77C1001CC06F /* LoginViewController.m in Sources */ = {isa = PBXBuildFile; fileRef = E3E0F8A31C0E77C1001CC06F /* LoginViewController.m */; settings = {COMPILER_FLAGS = "-fno-objc-arc"; }; };
		E3E0F8A61C0E77C1001CC06F /* LoginViewController.xib in Resources */ = {isa = PBXBuildFile; fileRef = E3E0F8A41C0E77C1001CC06F /* LoginViewController.xib */; };
		E3E0F8A81C0E7982001CC06F /* login_textfield_mid.png in Resources */ = {isa = PBXBuildFile; fileRef = E3E0F8A71C0E7982001CC06F /* login_textfield_mid.png */; };
		E3E0F8AB1C0E79BB001CC06F /* login_textfield_bottom.png in Resources */ = {isa = PBXBuildFile; fileRef = E3E0F8A91C0E79BB001CC06F /* login_textfield_bottom.png */; };
		E3E0F8AC1C0E79BB001CC06F /* login_textfield_bottom@2x.png in Resources */ = {isa = PBXBuildFile; fileRef = E3E0F8AA1C0E79BB001CC06F /* login_textfield_bottom@2x.png */; };
		E3E0F8AF1C0E79CC001CC06F /* login_avatar.png in Resources */ = {isa = PBXBuildFile; fileRef = E3E0F8AD1C0E79CC001CC06F /* login_avatar.png */; };
		E3E0F8B01C0E79CC001CC06F /* login_avatar@2x.png in Resources */ = {isa = PBXBuildFile; fileRef = E3E0F8AE1C0E79CC001CC06F /* login_avatar@2x.png */; };
		E3E0F8B31C0E7A7A001CC06F /* login_textfield_top.png in Resources */ = {isa = PBXBuildFile; fileRef = E3E0F8B11C0E7A7A001CC06F /* login_textfield_top.png */; };
		E3E0F8B41C0E7A7A001CC06F /* login_textfield_top@2x.png in Resources */ = {isa = PBXBuildFile; fileRef = E3E0F8B21C0E7A7A001CC06F /* login_textfield_top@2x.png */; };
		E3E0F8B91C0E7ABA001CC06F /* login_btn_blue_nor.png in Resources */ = {isa = PBXBuildFile; fileRef = E3E0F8B51C0E7ABA001CC06F /* login_btn_blue_nor.png */; };
		E3E0F8BA1C0E7ABA001CC06F /* login_btn_blue_nor@2x.png in Resources */ = {isa = PBXBuildFile; fileRef = E3E0F8B61C0E7ABA001CC06F /* login_btn_blue_nor@2x.png */; };
		E3E0F8BB1C0E7ABA001CC06F /* login_btn_blue_press.png in Resources */ = {isa = PBXBuildFile; fileRef = E3E0F8B71C0E7ABA001CC06F /* login_btn_blue_press.png */; };
		E3E0F8BC1C0E7ABA001CC06F /* login_btn_blue_press@2x.png in Resources */ = {isa = PBXBuildFile; fileRef = E3E0F8B81C0E7ABA001CC06F /* login_btn_blue_press@2x.png */; };
		E3E0F8BF1C0E7B60001CC06F /* login_avatar_default.png in Resources */ = {isa = PBXBuildFile; fileRef = E3E0F8BD1C0E7B60001CC06F /* login_avatar_default.png */; };
		E3E0F8C01C0E7B60001CC06F /* login_avatar_default@2x.png in Resources */ = {isa = PBXBuildFile; fileRef = E3E0F8BE1C0E7B60001CC06F /* login_avatar_default@2x.png */; };
		E3E1ECA21CF291C4006E7DC5 /* RobotRouteViewController3.m in Sources */ = {isa = PBXBuildFile; fileRef = E3E1ECA11CF291C4006E7DC5 /* RobotRouteViewController3.m */; };
		E3E1ECA51CF2EED4006E7DC5 /* EditGraphViewController.m in Sources */ = {isa = PBXBuildFile; fileRef = E3E1ECA41CF2EED4006E7DC5 /* EditGraphViewController.m */; };
		E3E91FC21BEC318F003AE247 /* ServerSocket.m in Sources */ = {isa = PBXBuildFile; fileRef = E3E91FC11BEC318F003AE247 /* ServerSocket.m */; settings = {COMPILER_FLAGS = "-fno-objc-arc"; }; };
		E3E91FC81BEC32C6003AE247 /* AsyncUdpSocket.m in Sources */ = {isa = PBXBuildFile; fileRef = E3E91FC61BEC32C6003AE247 /* AsyncUdpSocket.m */; settings = {COMPILER_FLAGS = "-fno-objc-arc"; }; };
		E3E91FCC1BEC8117003AE247 /* HitControl.m in Sources */ = {isa = PBXBuildFile; fileRef = E3E91FCB1BEC8117003AE247 /* HitControl.m */; };
		E3F430361CF42748003674EC /* MapInfoViewController.m in Sources */ = {isa = PBXBuildFile; fileRef = E3F430351CF42748003674EC /* MapInfoViewController.m */; };
		E3FC88881BEAF3750016376D /* RadioButton.m in Sources */ = {isa = PBXBuildFile; fileRef = E3FC88871BEAF3750016376D /* RadioButton.m */; };
		E3FC889F1BEB54050016376D /* CFNetwork.framework in Frameworks */ = {isa = PBXBuildFile; fileRef = E3FC889E1BEB54050016376D /* CFNetwork.framework */; };
		E3FC88A11BEB54150016376D /* CoreFoundation.framework in Frameworks */ = {isa = PBXBuildFile; fileRef = E3FC88A01BEB54150016376D /* CoreFoundation.framework */; };
		E3FC88A31BEB541D0016376D /* UIKit.framework in Frameworks */ = {isa = PBXBuildFile; fileRef = E3FC88A21BEB541D0016376D /* UIKit.framework */; };
		E3FCC5EC1BF0924100FAB88C /* UIColor+Hex.m in Sources */ = {isa = PBXBuildFile; fileRef = E3FCC5EB1BF0924100FAB88C /* UIColor+Hex.m */; };
/* End PBXBuildFile section */

/* Begin PBXContainerItemProxy section */
		E3C0B53B1BE1EAA6004437EC /* PBXContainerItemProxy */ = {
			isa = PBXContainerItemProxy;
			containerPortal = E3C0B5161BE1EAA5004437EC /* Project object */;
			proxyType = 1;
			remoteGlobalIDString = E3C0B51D1BE1EAA5004437EC;
			remoteInfo = HitProject;
		};
/* End PBXContainerItemProxy section */

/* Begin PBXFileReference section */
		397759819632A14F21F4B158 /* Pods.release.xcconfig */ = {isa = PBXFileReference; includeInIndex = 1; lastKnownFileType = text.xcconfig; name = Pods.release.xcconfig; path = "Pods/Target Support Files/Pods/Pods.release.xcconfig"; sourceTree = "<group>"; };
		424F71311D45EBD400FB78FA /* StarGazerProtocol.h */ = {isa = PBXFileReference; fileEncoding = 4; lastKnownFileType = sourcecode.c.h; path = StarGazerProtocol.h; sourceTree = "<group>"; };
		424F71321D45EBD400FB78FA /* StarGazerProtocol.m */ = {isa = PBXFileReference; fileEncoding = 4; lastKnownFileType = sourcecode.c.objc; path = StarGazerProtocol.m; sourceTree = "<group>"; };
		5977BFAC93DE4DCB521D4947 /* Pods.debug.xcconfig */ = {isa = PBXFileReference; includeInIndex = 1; lastKnownFileType = text.xcconfig; name = Pods.debug.xcconfig; path = "Pods/Target Support Files/Pods/Pods.debug.xcconfig"; sourceTree = "<group>"; };
		AAC05B4E2E18680CC4941107 /* libPods.a */ = {isa = PBXFileReference; explicitFileType = archive.ar; includeInIndex = 0; path = libPods.a; sourceTree = BUILT_PRODUCTS_DIR; };
		E30B62AB1C40AAE5006712F1 /* GLViewProcessingTest.h */ = {isa = PBXFileReference; fileEncoding = 4; lastKnownFileType = sourcecode.c.h; path = GLViewProcessingTest.h; sourceTree = "<group>"; };
		E30B62AC1C40AAE5006712F1 /* GLViewProcessingTest.m */ = {isa = PBXFileReference; fileEncoding = 4; lastKnownFileType = sourcecode.c.objc; path = GLViewProcessingTest.m; sourceTree = "<group>"; };
		E30EEC3C1C2532BD00352235 /* SocketMessageModel.h */ = {isa = PBXFileReference; fileEncoding = 4; lastKnownFileType = sourcecode.c.h; path = SocketMessageModel.h; sourceTree = "<group>"; };
		E30EEC3D1C2532BD00352235 /* SocketMessageModel.m */ = {isa = PBXFileReference; fileEncoding = 4; lastKnownFileType = sourcecode.c.objc; path = SocketMessageModel.m; sourceTree = "<group>"; };
		E316366D1BEDA80A002EB100 /* ConnectStatesCell.h */ = {isa = PBXFileReference; fileEncoding = 4; lastKnownFileType = sourcecode.c.h; path = ConnectStatesCell.h; sourceTree = "<group>"; };
		E316366E1BEDA80A002EB100 /* ConnectStatesCell.m */ = {isa = PBXFileReference; fileEncoding = 4; lastKnownFileType = sourcecode.c.objc; path = ConnectStatesCell.m; sourceTree = "<group>"; };
		E31636701BEDAA5D002EB100 /* CommonsFunc.h */ = {isa = PBXFileReference; fileEncoding = 4; lastKnownFileType = sourcecode.c.h; path = CommonsFunc.h; sourceTree = "<group>"; };
		E31636711BEDAA5D002EB100 /* CommonsFunc.m */ = {isa = PBXFileReference; fileEncoding = 4; lastKnownFileType = sourcecode.c.objc; path = CommonsFunc.m; sourceTree = "<group>"; };
		E31636731BF0428F002EB100 /* AsyncSocket.h */ = {isa = PBXFileReference; fileEncoding = 4; lastKnownFileType = sourcecode.c.h; path = AsyncSocket.h; sourceTree = "<group>"; };
		E31636741BF0428F002EB100 /* AsyncSocket.m */ = {isa = PBXFileReference; fileEncoding = 4; lastKnownFileType = sourcecode.c.objc; path = AsyncSocket.m; sourceTree = "<group>"; };
		E31636761BF05607002EB100 /* MainViewController.h */ = {isa = PBXFileReference; fileEncoding = 4; lastKnownFileType = sourcecode.c.h; path = MainViewController.h; sourceTree = "<group>"; };
		E31636771BF05607002EB100 /* MainViewController.m */ = {isa = PBXFileReference; fileEncoding = 4; lastKnownFileType = sourcecode.c.objc; path = MainViewController.m; sourceTree = "<group>"; };
		E316367A1BF07AE4002EB100 /* CHYSlider.h */ = {isa = PBXFileReference; fileEncoding = 4; lastKnownFileType = sourcecode.c.h; path = CHYSlider.h; sourceTree = "<group>"; };
		E316367B1BF07AE4002EB100 /* CHYSlider.m */ = {isa = PBXFileReference; fileEncoding = 4; lastKnownFileType = sourcecode.c.objc; path = CHYSlider.m; sourceTree = "<group>"; };
		E33DD38A1BF20DE40028FCBD /* SocketClientViewController.h */ = {isa = PBXFileReference; fileEncoding = 4; lastKnownFileType = sourcecode.c.h; path = SocketClientViewController.h; sourceTree = "<group>"; };
		E33DD38B1BF20DE40028FCBD /* SocketClientViewController.m */ = {isa = PBXFileReference; fileEncoding = 4; lastKnownFileType = sourcecode.c.objc; path = SocketClientViewController.m; sourceTree = "<group>"; };
		E33DD38C1BF20DE40028FCBD /* SocketClientViewController_iPhone.xib */ = {isa = PBXFileReference; fileEncoding = 4; lastKnownFileType = file.xib; path = SocketClientViewController_iPhone.xib; sourceTree = "<group>"; };
		E33DD38F1BF20DED0028FCBD /* SocketClientViewController_iPad.xib */ = {isa = PBXFileReference; fileEncoding = 4; lastKnownFileType = file.xib; path = SocketClientViewController_iPad.xib; sourceTree = "<group>"; };
		E34B9A291C5A4163009E4B78 /* JSDPad.h */ = {isa = PBXFileReference; fileEncoding = 4; lastKnownFileType = sourcecode.c.h; path = JSDPad.h; sourceTree = "<group>"; };
		E34B9A2A1C5A4163009E4B78 /* JSDPad.m */ = {isa = PBXFileReference; fileEncoding = 4; lastKnownFileType = sourcecode.c.objc; path = JSDPad.m; sourceTree = "<group>"; };
		E34B9A2D1C5A41A3009E4B78 /* dPad-Down.png */ = {isa = PBXFileReference; lastKnownFileType = image.png; path = "dPad-Down.png"; sourceTree = "<group>"; };
		E34B9A2E1C5A41A3009E4B78 /* dPad-Down@2x.png */ = {isa = PBXFileReference; lastKnownFileType = image.png; path = "dPad-Down@2x.png"; sourceTree = "<group>"; };
		E34B9A2F1C5A41A3009E4B78 /* dPad-DownLeft.png */ = {isa = PBXFileReference; lastKnownFileType = image.png; path = "dPad-DownLeft.png"; sourceTree = "<group>"; };
		E34B9A301C5A41A3009E4B78 /* dPad-DownLeft@2x.png */ = {isa = PBXFileReference; lastKnownFileType = image.png; path = "dPad-DownLeft@2x.png"; sourceTree = "<group>"; };
		E34B9A311C5A41A3009E4B78 /* dPad-DownRight.png */ = {isa = PBXFileReference; lastKnownFileType = image.png; path = "dPad-DownRight.png"; sourceTree = "<group>"; };
		E34B9A321C5A41A3009E4B78 /* dPad-DownRight@2x.png */ = {isa = PBXFileReference; lastKnownFileType = image.png; path = "dPad-DownRight@2x.png"; sourceTree = "<group>"; };
		E34B9A331C5A41A3009E4B78 /* dPad-Left.png */ = {isa = PBXFileReference; lastKnownFileType = image.png; path = "dPad-Left.png"; sourceTree = "<group>"; };
		E34B9A341C5A41A3009E4B78 /* dPad-Left@2x.png */ = {isa = PBXFileReference; lastKnownFileType = image.png; path = "dPad-Left@2x.png"; sourceTree = "<group>"; };
		E34B9A351C5A41A3009E4B78 /* dPad-None.png */ = {isa = PBXFileReference; lastKnownFileType = image.png; path = "dPad-None.png"; sourceTree = "<group>"; };
		E34B9A361C5A41A3009E4B78 /* dPad-None@2x.png */ = {isa = PBXFileReference; lastKnownFileType = image.png; path = "dPad-None@2x.png"; sourceTree = "<group>"; };
		E34B9A371C5A41A3009E4B78 /* dPad-Right.png */ = {isa = PBXFileReference; lastKnownFileType = image.png; path = "dPad-Right.png"; sourceTree = "<group>"; };
		E34B9A381C5A41A3009E4B78 /* dPad-Right@2x.png */ = {isa = PBXFileReference; lastKnownFileType = image.png; path = "dPad-Right@2x.png"; sourceTree = "<group>"; };
		E34B9A391C5A41A3009E4B78 /* dPad-Up.png */ = {isa = PBXFileReference; lastKnownFileType = image.png; path = "dPad-Up.png"; sourceTree = "<group>"; };
		E34B9A3A1C5A41A3009E4B78 /* dPad-Up@2x.png */ = {isa = PBXFileReference; lastKnownFileType = image.png; path = "dPad-Up@2x.png"; sourceTree = "<group>"; };
		E34B9A3B1C5A41A3009E4B78 /* dPad-UpLeft.png */ = {isa = PBXFileReference; lastKnownFileType = image.png; path = "dPad-UpLeft.png"; sourceTree = "<group>"; };
		E34B9A3C1C5A41A3009E4B78 /* dPad-UpLeft@2x.png */ = {isa = PBXFileReference; lastKnownFileType = image.png; path = "dPad-UpLeft@2x.png"; sourceTree = "<group>"; };
		E34B9A3D1C5A41A3009E4B78 /* dPad-UpRight.png */ = {isa = PBXFileReference; lastKnownFileType = image.png; path = "dPad-UpRight.png"; sourceTree = "<group>"; };
		E34B9A3E1C5A41A3009E4B78 /* dPad-UpRight@2x.png */ = {isa = PBXFileReference; lastKnownFileType = image.png; path = "dPad-UpRight@2x.png"; sourceTree = "<group>"; };
		E34C264B1C2CDCD2007936D8 /* LewPopupViewController.h */ = {isa = PBXFileReference; fileEncoding = 4; lastKnownFileType = sourcecode.c.h; path = LewPopupViewController.h; sourceTree = "<group>"; };
		E34C264C1C2CDCD2007936D8 /* LewPopupBackgroundView.h */ = {isa = PBXFileReference; fileEncoding = 4; lastKnownFileType = sourcecode.c.h; path = LewPopupBackgroundView.h; sourceTree = "<group>"; };
		E34C264D1C2CDCD2007936D8 /* LewPopupBackgroundView.m */ = {isa = PBXFileReference; fileEncoding = 4; lastKnownFileType = sourcecode.c.objc; path = LewPopupBackgroundView.m; sourceTree = "<group>"; };
		E34C264E1C2CDCD3007936D8 /* LewPopupViewAnimationDrop.h */ = {isa = PBXFileReference; fileEncoding = 4; lastKnownFileType = sourcecode.c.h; path = LewPopupViewAnimationDrop.h; sourceTree = "<group>"; };
		E34C264F1C2CDCD3007936D8 /* LewPopupViewAnimationDrop.m */ = {isa = PBXFileReference; fileEncoding = 4; lastKnownFileType = sourcecode.c.objc; path = LewPopupViewAnimationDrop.m; sourceTree = "<group>"; };
		E34C26501C2CDCD3007936D8 /* LewPopupViewAnimationFade.h */ = {isa = PBXFileReference; fileEncoding = 4; lastKnownFileType = sourcecode.c.h; path = LewPopupViewAnimationFade.h; sourceTree = "<group>"; };
		E34C26511C2CDCD3007936D8 /* LewPopupViewAnimationFade.m */ = {isa = PBXFileReference; fileEncoding = 4; lastKnownFileType = sourcecode.c.objc; path = LewPopupViewAnimationFade.m; sourceTree = "<group>"; };
		E34C26521C2CDCD3007936D8 /* LewPopupViewAnimationSlide.h */ = {isa = PBXFileReference; fileEncoding = 4; lastKnownFileType = sourcecode.c.h; path = LewPopupViewAnimationSlide.h; sourceTree = "<group>"; };
		E34C26531C2CDCD3007936D8 /* LewPopupViewAnimationSlide.m */ = {isa = PBXFileReference; fileEncoding = 4; lastKnownFileType = sourcecode.c.objc; path = LewPopupViewAnimationSlide.m; sourceTree = "<group>"; };
		E34C26541C2CDCD3007936D8 /* LewPopupViewAnimationSpring.h */ = {isa = PBXFileReference; fileEncoding = 4; lastKnownFileType = sourcecode.c.h; path = LewPopupViewAnimationSpring.h; sourceTree = "<group>"; };
		E34C26551C2CDCD3007936D8 /* LewPopupViewAnimationSpring.m */ = {isa = PBXFileReference; fileEncoding = 4; lastKnownFileType = sourcecode.c.objc; path = LewPopupViewAnimationSpring.m; sourceTree = "<group>"; };
		E34C26561C2CDCD3007936D8 /* UIViewController+LewPopupViewController.h */ = {isa = PBXFileReference; fileEncoding = 4; lastKnownFileType = sourcecode.c.h; path = "UIViewController+LewPopupViewController.h"; sourceTree = "<group>"; };
		E34C26571C2CDCD3007936D8 /* UIViewController+LewPopupViewController.m */ = {isa = PBXFileReference; fileEncoding = 4; lastKnownFileType = sourcecode.c.objc; path = "UIViewController+LewPopupViewController.m"; sourceTree = "<group>"; };
		E34C265E1C2CDCE1007936D8 /* PopupView.h */ = {isa = PBXFileReference; fileEncoding = 4; lastKnownFileType = sourcecode.c.h; path = PopupView.h; sourceTree = "<group>"; };
		E34C265F1C2CDCE1007936D8 /* PopupView.m */ = {isa = PBXFileReference; fileEncoding = 4; lastKnownFileType = sourcecode.c.objc; path = PopupView.m; sourceTree = "<group>"; };
		E34C26601C2CDCE1007936D8 /* PopupView.xib */ = {isa = PBXFileReference; fileEncoding = 4; lastKnownFileType = file.xib; path = PopupView.xib; sourceTree = "<group>"; };
		E34C26631C2CEC43007936D8 /* DeskInfoModel.h */ = {isa = PBXFileReference; fileEncoding = 4; lastKnownFileType = sourcecode.c.h; path = DeskInfoModel.h; sourceTree = "<group>"; };
		E34C26641C2CEC43007936D8 /* DeskInfoModel.m */ = {isa = PBXFileReference; fileEncoding = 4; lastKnownFileType = sourcecode.c.objc; path = DeskInfoModel.m; sourceTree = "<group>"; };
		E357F60E1BE20F6500AE9454 /* ThirdViewController.h */ = {isa = PBXFileReference; fileEncoding = 4; lastKnownFileType = sourcecode.c.h; path = ThirdViewController.h; sourceTree = "<group>"; };
		E357F60F1BE20F6500AE9454 /* ThirdViewController.m */ = {isa = PBXFileReference; fileEncoding = 4; lastKnownFileType = sourcecode.c.objc; path = ThirdViewController.m; sourceTree = "<group>"; };
		E357F6111BE20F8100AE9454 /* FourthViewController.h */ = {isa = PBXFileReference; fileEncoding = 4; lastKnownFileType = sourcecode.c.h; path = FourthViewController.h; sourceTree = "<group>"; };
		E357F6121BE20F8100AE9454 /* FourthViewController.m */ = {isa = PBXFileReference; fileEncoding = 4; lastKnownFileType = sourcecode.c.objc; path = FourthViewController.m; sourceTree = "<group>"; };
		E35933401CF3F19D00636800 /* EditGraphModelAndCell.h */ = {isa = PBXFileReference; fileEncoding = 4; lastKnownFileType = sourcecode.c.h; path = EditGraphModelAndCell.h; sourceTree = "<group>"; };
		E35933411CF3F19D00636800 /* EditGraphModelAndCell.m */ = {isa = PBXFileReference; fileEncoding = 4; lastKnownFileType = sourcecode.c.objc; path = EditGraphModelAndCell.m; sourceTree = "<group>"; };
		E35D11A61C0ECAA3009AF0BB /* SettingViewController.h */ = {isa = PBXFileReference; fileEncoding = 4; lastKnownFileType = sourcecode.c.h; path = SettingViewController.h; sourceTree = "<group>"; };
		E35D11A71C0ECAA3009AF0BB /* SettingViewController.m */ = {isa = PBXFileReference; fileEncoding = 4; lastKnownFileType = sourcecode.c.objc; path = SettingViewController.m; sourceTree = "<group>"; };
		E35D11A91C0ECAD2009AF0BB /* ResetSecurityViewController.h */ = {isa = PBXFileReference; fileEncoding = 4; lastKnownFileType = sourcecode.c.h; path = ResetSecurityViewController.h; sourceTree = "<group>"; };
		E35D11AA1C0ECAD2009AF0BB /* ResetSecurityViewController.m */ = {isa = PBXFileReference; fileEncoding = 4; lastKnownFileType = sourcecode.c.objc; path = ResetSecurityViewController.m; sourceTree = "<group>"; };
		E35D11AC1C0EE0B8009AF0BB /* WebViewController.h */ = {isa = PBXFileReference; fileEncoding = 4; lastKnownFileType = sourcecode.c.h; path = WebViewController.h; sourceTree = "<group>"; };
		E35D11AD1C0EE0B8009AF0BB /* WebViewController.m */ = {isa = PBXFileReference; fileEncoding = 4; lastKnownFileType = sourcecode.c.objc; path = WebViewController.m; sourceTree = "<group>"; };
		E35D11B01C0F1CC0009AF0BB /* PickDeskNumViewController.h */ = {isa = PBXFileReference; fileEncoding = 4; lastKnownFileType = sourcecode.c.h; path = PickDeskNumViewController.h; sourceTree = "<group>"; };
		E35D11B11C0F1CC0009AF0BB /* PickDeskNumViewController.m */ = {isa = PBXFileReference; fileEncoding = 4; lastKnownFileType = sourcecode.c.objc; path = PickDeskNumViewController.m; sourceTree = "<group>"; };
		E36A67991CEDACD600941DD1 /* RobotRouteViewController2.h */ = {isa = PBXFileReference; fileEncoding = 4; lastKnownFileType = sourcecode.c.h; path = RobotRouteViewController2.h; sourceTree = "<group>"; };
		E36A679A1CEDACD600941DD1 /* RobotRouteViewController2.m */ = {isa = PBXFileReference; fileEncoding = 4; lastKnownFileType = sourcecode.c.objc; path = RobotRouteViewController2.m; sourceTree = "<group>"; };
		E36A679B1CEDACD600941DD1 /* RouteHeader.h */ = {isa = PBXFileReference; fileEncoding = 4; lastKnownFileType = sourcecode.c.h; path = RouteHeader.h; sourceTree = "<group>"; };
		E36A679C1CEDACD600941DD1 /* FloydAlgorithm.h */ = {isa = PBXFileReference; fileEncoding = 4; lastKnownFileType = sourcecode.c.h; path = FloydAlgorithm.h; sourceTree = "<group>"; };
		E36A679D1CEDACD600941DD1 /* FloydAlgorithm.m */ = {isa = PBXFileReference; fileEncoding = 4; lastKnownFileType = sourcecode.c.objc; path = FloydAlgorithm.m; sourceTree = "<group>"; };
		E36A679E1CEDACD600941DD1 /* RouteView.h */ = {isa = PBXFileReference; fileEncoding = 4; lastKnownFileType = sourcecode.c.h; path = RouteView.h; sourceTree = "<group>"; };
		E36A679F1CEDACD600941DD1 /* RouteView.m */ = {isa = PBXFileReference; fileEncoding = 4; lastKnownFileType = sourcecode.c.objc; path = RouteView.m; sourceTree = "<group>"; };
		E36A67A41CEDADB600941DD1 /* ZDStickerView.h */ = {isa = PBXFileReference; fileEncoding = 4; lastKnownFileType = sourcecode.c.h; path = ZDStickerView.h; sourceTree = "<group>"; };
		E36A67A51CEDADB600941DD1 /* ZDStickerView.m */ = {isa = PBXFileReference; fileEncoding = 4; lastKnownFileType = sourcecode.c.objc; path = ZDStickerView.m; sourceTree = "<group>"; };
		E36A67A61CEDADB600941DD1 /* SPGripViewBorderView.h */ = {isa = PBXFileReference; fileEncoding = 4; lastKnownFileType = sourcecode.c.h; path = SPGripViewBorderView.h; sourceTree = "<group>"; };
		E36A67A71CEDADB600941DD1 /* SPGripViewBorderView.m */ = {isa = PBXFileReference; fileEncoding = 4; lastKnownFileType = sourcecode.c.objc; path = SPGripViewBorderView.m; sourceTree = "<group>"; };
		E36A67A81CEDADB600941DD1 /* ZDStickerView.bundle */ = {isa = PBXFileReference; lastKnownFileType = "wrapper.plug-in"; path = ZDStickerView.bundle; sourceTree = "<group>"; };
		E3768DC01C4E08290084916D /* InternationControl.h */ = {isa = PBXFileReference; fileEncoding = 4; lastKnownFileType = sourcecode.c.h; path = InternationControl.h; sourceTree = "<group>"; };
		E3768DC11C4E08290084916D /* InternationControl.m */ = {isa = PBXFileReference; fileEncoding = 4; lastKnownFileType = sourcecode.c.objc; path = InternationControl.m; sourceTree = "<group>"; };
		E3768DCC1C4E0F310084916D /* en */ = {isa = PBXFileReference; lastKnownFileType = text.plist.strings; name = en; path = en.lproj/InfoPlist.strings; sourceTree = "<group>"; };
		E3768DCE1C4E0F340084916D /* zh-Hans */ = {isa = PBXFileReference; lastKnownFileType = text.plist.strings; name = "zh-Hans"; path = "zh-Hans.lproj/InfoPlist.strings"; sourceTree = "<group>"; };
		E3768DD21C4E11710084916D /* en */ = {isa = PBXFileReference; lastKnownFileType = text.plist.strings; name = en; path = en.lproj/Localizable.strings; sourceTree = "<group>"; };
		E3768DD41C4E11770084916D /* zh-Hans */ = {isa = PBXFileReference; lastKnownFileType = text.plist.strings; name = "zh-Hans"; path = "zh-Hans.lproj/Localizable.strings"; sourceTree = "<group>"; };
		E37BA5011BE462C700DB7A96 /* JSAnalogueStick.h */ = {isa = PBXFileReference; fileEncoding = 4; lastKnownFileType = sourcecode.c.h; path = JSAnalogueStick.h; sourceTree = "<group>"; };
		E37BA5021BE462C700DB7A96 /* JSAnalogueStick.m */ = {isa = PBXFileReference; fileEncoding = 4; lastKnownFileType = sourcecode.c.objc; path = JSAnalogueStick.m; sourceTree = "<group>"; };
		E37BA5081BE7162500DB7A96 /* DeskView.h */ = {isa = PBXFileReference; fileEncoding = 4; lastKnownFileType = sourcecode.c.h; path = DeskView.h; sourceTree = "<group>"; };
		E37BA5091BE7162500DB7A96 /* DeskView.m */ = {isa = PBXFileReference; fileEncoding = 4; lastKnownFileType = sourcecode.c.objc; path = DeskView.m; sourceTree = "<group>"; };
		E39560D91CCE13D10059372B /* StarGazerViewController2.h */ = {isa = PBXFileReference; fileEncoding = 4; lastKnownFileType = sourcecode.c.h; path = StarGazerViewController2.h; sourceTree = "<group>"; };
		E39560DA1CCE13D10059372B /* StarGazerViewController2.m */ = {isa = PBXFileReference; fileEncoding = 4; lastKnownFileType = sourcecode.c.objc; path = StarGazerViewController2.m; sourceTree = "<group>"; };
		E39560DB1CCE13D10059372B /* StarGazerViewController2.xib */ = {isa = PBXFileReference; fileEncoding = 4; lastKnownFileType = file.xib; path = StarGazerViewController2.xib; sourceTree = "<group>"; };
		E3995C131CDC26B400834ADB /* HitNewControl.h */ = {isa = PBXFileReference; fileEncoding = 4; lastKnownFileType = sourcecode.c.h; path = HitNewControl.h; sourceTree = "<group>"; };
		E3995C141CDC26B400834ADB /* HitNewControl.m */ = {isa = PBXFileReference; fileEncoding = 4; lastKnownFileType = sourcecode.c.objc; path = HitNewControl.m; sourceTree = "<group>"; };
		E39DA2141C3A1E5E002065BE /* DeskInfoHelper.h */ = {isa = PBXFileReference; fileEncoding = 4; lastKnownFileType = sourcecode.c.h; path = DeskInfoHelper.h; sourceTree = "<group>"; };
		E39DA2151C3A1E5E002065BE /* DeskInfoHelper.m */ = {isa = PBXFileReference; fileEncoding = 4; lastKnownFileType = sourcecode.c.objc; path = DeskInfoHelper.m; sourceTree = "<group>"; };
		E39EEF721CC5C24D00A812BF /* RobotStateCell.h */ = {isa = PBXFileReference; fileEncoding = 4; lastKnownFileType = sourcecode.c.h; path = RobotStateCell.h; sourceTree = "<group>"; };
		E39EEF731CC5C24D00A812BF /* RobotStateCell.m */ = {isa = PBXFileReference; fileEncoding = 4; lastKnownFileType = sourcecode.c.objc; path = RobotStateCell.m; sourceTree = "<group>"; };
		E3A15BC91CE2CA4800CD51BB /* STModel.h */ = {isa = PBXFileReference; fileEncoding = 4; lastKnownFileType = sourcecode.c.h; path = STModel.h; sourceTree = "<group>"; };
		E3A15BCA1CE2CA4800CD51BB /* STModel.m */ = {isa = PBXFileReference; fileEncoding = 4; lastKnownFileType = sourcecode.c.objc; path = STModel.m; sourceTree = "<group>"; };
		E3B146BD1BED9CB100963FA8 /* PrefixHeader.pch */ = {isa = PBXFileReference; fileEncoding = 4; lastKnownFileType = sourcecode.c.h; path = PrefixHeader.pch; sourceTree = "<group>"; };
		E3C0B51E1BE1EAA5004437EC /* HitProject.app */ = {isa = PBXFileReference; explicitFileType = wrapper.application; includeInIndex = 0; path = HitProject.app; sourceTree = BUILT_PRODUCTS_DIR; };
		E3C0B5221BE1EAA5004437EC /* Info.plist */ = {isa = PBXFileReference; lastKnownFileType = text.plist.xml; path = Info.plist; sourceTree = "<group>"; };
		E3C0B5231BE1EAA5004437EC /* main.m */ = {isa = PBXFileReference; lastKnownFileType = sourcecode.c.objc; path = main.m; sourceTree = "<group>"; };
		E3C0B5251BE1EAA5004437EC /* AppDelegate.h */ = {isa = PBXFileReference; lastKnownFileType = sourcecode.c.h; path = AppDelegate.h; sourceTree = "<group>"; };
		E3C0B5261BE1EAA5004437EC /* AppDelegate.m */ = {isa = PBXFileReference; lastKnownFileType = sourcecode.c.objc; path = AppDelegate.m; sourceTree = "<group>"; };
		E3C0B5281BE1EAA5004437EC /* FirstViewController.h */ = {isa = PBXFileReference; lastKnownFileType = sourcecode.c.h; path = FirstViewController.h; sourceTree = "<group>"; };
		E3C0B5291BE1EAA5004437EC /* FirstViewController.m */ = {isa = PBXFileReference; lastKnownFileType = sourcecode.c.objc; path = FirstViewController.m; sourceTree = "<group>"; };
		E3C0B52B1BE1EAA5004437EC /* SecondViewController.h */ = {isa = PBXFileReference; lastKnownFileType = sourcecode.c.h; path = SecondViewController.h; sourceTree = "<group>"; };
		E3C0B52C1BE1EAA5004437EC /* SecondViewController.m */ = {isa = PBXFileReference; lastKnownFileType = sourcecode.c.objc; path = SecondViewController.m; sourceTree = "<group>"; };
		E3C0B5311BE1EAA5004437EC /* Images.xcassets */ = {isa = PBXFileReference; lastKnownFileType = folder.assetcatalog; path = Images.xcassets; sourceTree = "<group>"; };
		E3C0B5341BE1EAA5004437EC /* Base */ = {isa = PBXFileReference; lastKnownFileType = file.xib; name = Base; path = Base.lproj/LaunchScreen.xib; sourceTree = "<group>"; };
		E3C0B53A1BE1EAA6004437EC /* HitProjectTests.xctest */ = {isa = PBXFileReference; explicitFileType = wrapper.cfbundle; includeInIndex = 0; path = HitProjectTests.xctest; sourceTree = BUILT_PRODUCTS_DIR; };
		E3C0B53F1BE1EAA6004437EC /* Info.plist */ = {isa = PBXFileReference; lastKnownFileType = text.plist.xml; path = Info.plist; sourceTree = "<group>"; };
		E3C0B5401BE1EAA6004437EC /* HitProjectTests.m */ = {isa = PBXFileReference; lastKnownFileType = sourcecode.c.objc; path = HitProjectTests.m; sourceTree = "<group>"; };
		E3D671E01C3DEC3F00AF3391 /* HitControlHex.h */ = {isa = PBXFileReference; fileEncoding = 4; lastKnownFileType = sourcecode.c.h; path = HitControlHex.h; sourceTree = "<group>"; };
		E3D671E11C3DEC3F00AF3391 /* HitControlHex.m */ = {isa = PBXFileReference; fileEncoding = 4; lastKnownFileType = sourcecode.c.objc; path = HitControlHex.m; sourceTree = "<group>"; };
		E3DFC53C1CF3336800206A07 /* DataCenter.h */ = {isa = PBXFileReference; fileEncoding = 4; lastKnownFileType = sourcecode.c.h; path = DataCenter.h; sourceTree = "<group>"; };
		E3DFC53D1CF3336800206A07 /* DataCenter.m */ = {isa = PBXFileReference; fileEncoding = 4; lastKnownFileType = sourcecode.c.objc; path = DataCenter.m; sourceTree = "<group>"; };
		E3E0F8A21C0E77C1001CC06F /* LoginViewController.h */ = {isa = PBXFileReference; fileEncoding = 4; lastKnownFileType = sourcecode.c.h; path = LoginViewController.h; sourceTree = "<group>"; };
		E3E0F8A31C0E77C1001CC06F /* LoginViewController.m */ = {isa = PBXFileReference; fileEncoding = 4; lastKnownFileType = sourcecode.c.objc; path = LoginViewController.m; sourceTree = "<group>"; };
		E3E0F8A41C0E77C1001CC06F /* LoginViewController.xib */ = {isa = PBXFileReference; fileEncoding = 4; lastKnownFileType = file.xib; path = LoginViewController.xib; sourceTree = "<group>"; };
		E3E0F8A71C0E7982001CC06F /* login_textfield_mid.png */ = {isa = PBXFileReference; lastKnownFileType = image.png; path = login_textfield_mid.png; sourceTree = "<group>"; };
		E3E0F8A91C0E79BB001CC06F /* login_textfield_bottom.png */ = {isa = PBXFileReference; lastKnownFileType = image.png; path = login_textfield_bottom.png; sourceTree = "<group>"; };
		E3E0F8AA1C0E79BB001CC06F /* login_textfield_bottom@2x.png */ = {isa = PBXFileReference; lastKnownFileType = image.png; path = "login_textfield_bottom@2x.png"; sourceTree = "<group>"; };
		E3E0F8AD1C0E79CC001CC06F /* login_avatar.png */ = {isa = PBXFileReference; lastKnownFileType = image.png; path = login_avatar.png; sourceTree = "<group>"; };
		E3E0F8AE1C0E79CC001CC06F /* login_avatar@2x.png */ = {isa = PBXFileReference; lastKnownFileType = image.png; path = "login_avatar@2x.png"; sourceTree = "<group>"; };
		E3E0F8B11C0E7A7A001CC06F /* login_textfield_top.png */ = {isa = PBXFileReference; lastKnownFileType = image.png; path = login_textfield_top.png; sourceTree = "<group>"; };
		E3E0F8B21C0E7A7A001CC06F /* login_textfield_top@2x.png */ = {isa = PBXFileReference; lastKnownFileType = image.png; path = "login_textfield_top@2x.png"; sourceTree = "<group>"; };
		E3E0F8B51C0E7ABA001CC06F /* login_btn_blue_nor.png */ = {isa = PBXFileReference; lastKnownFileType = image.png; path = login_btn_blue_nor.png; sourceTree = "<group>"; };
		E3E0F8B61C0E7ABA001CC06F /* login_btn_blue_nor@2x.png */ = {isa = PBXFileReference; lastKnownFileType = image.png; path = "login_btn_blue_nor@2x.png"; sourceTree = "<group>"; };
		E3E0F8B71C0E7ABA001CC06F /* login_btn_blue_press.png */ = {isa = PBXFileReference; lastKnownFileType = image.png; path = login_btn_blue_press.png; sourceTree = "<group>"; };
		E3E0F8B81C0E7ABA001CC06F /* login_btn_blue_press@2x.png */ = {isa = PBXFileReference; lastKnownFileType = image.png; path = "login_btn_blue_press@2x.png"; sourceTree = "<group>"; };
		E3E0F8BD1C0E7B60001CC06F /* login_avatar_default.png */ = {isa = PBXFileReference; lastKnownFileType = image.png; path = login_avatar_default.png; sourceTree = "<group>"; };
		E3E0F8BE1C0E7B60001CC06F /* login_avatar_default@2x.png */ = {isa = PBXFileReference; lastKnownFileType = image.png; path = "login_avatar_default@2x.png"; sourceTree = "<group>"; };
		E3E1ECA01CF291C4006E7DC5 /* RobotRouteViewController3.h */ = {isa = PBXFileReference; fileEncoding = 4; lastKnownFileType = sourcecode.c.h; path = RobotRouteViewController3.h; sourceTree = "<group>"; };
		E3E1ECA11CF291C4006E7DC5 /* RobotRouteViewController3.m */ = {isa = PBXFileReference; fileEncoding = 4; lastKnownFileType = sourcecode.c.objc; path = RobotRouteViewController3.m; sourceTree = "<group>"; };
		E3E1ECA31CF2EED4006E7DC5 /* EditGraphViewController.h */ = {isa = PBXFileReference; fileEncoding = 4; lastKnownFileType = sourcecode.c.h; path = EditGraphViewController.h; sourceTree = "<group>"; };
		E3E1ECA41CF2EED4006E7DC5 /* EditGraphViewController.m */ = {isa = PBXFileReference; fileEncoding = 4; lastKnownFileType = sourcecode.c.objc; path = EditGraphViewController.m; sourceTree = "<group>"; };
		E3E91FC01BEC318F003AE247 /* ServerSocket.h */ = {isa = PBXFileReference; fileEncoding = 4; lastKnownFileType = sourcecode.c.h; path = ServerSocket.h; sourceTree = "<group>"; };
		E3E91FC11BEC318F003AE247 /* ServerSocket.m */ = {isa = PBXFileReference; fileEncoding = 4; lastKnownFileType = sourcecode.c.objc; path = ServerSocket.m; sourceTree = "<group>"; };
		E3E91FC51BEC32C6003AE247 /* AsyncUdpSocket.h */ = {isa = PBXFileReference; fileEncoding = 4; lastKnownFileType = sourcecode.c.h; path = AsyncUdpSocket.h; sourceTree = "<group>"; };
		E3E91FC61BEC32C6003AE247 /* AsyncUdpSocket.m */ = {isa = PBXFileReference; fileEncoding = 4; lastKnownFileType = sourcecode.c.objc; path = AsyncUdpSocket.m; sourceTree = "<group>"; };
		E3E91FC91BEC7795003AE247 /* AppMacro.h */ = {isa = PBXFileReference; fileEncoding = 4; lastKnownFileType = sourcecode.c.h; path = AppMacro.h; sourceTree = "<group>"; };
		E3E91FCA1BEC8117003AE247 /* HitControl.h */ = {isa = PBXFileReference; fileEncoding = 4; lastKnownFileType = sourcecode.c.h; path = HitControl.h; sourceTree = "<group>"; };
		E3E91FCB1BEC8117003AE247 /* HitControl.m */ = {isa = PBXFileReference; fileEncoding = 4; lastKnownFileType = sourcecode.c.objc; path = HitControl.m; sourceTree = "<group>"; };
		E3F430341CF42748003674EC /* MapInfoViewController.h */ = {isa = PBXFileReference; fileEncoding = 4; lastKnownFileType = sourcecode.c.h; path = MapInfoViewController.h; sourceTree = "<group>"; };
		E3F430351CF42748003674EC /* MapInfoViewController.m */ = {isa = PBXFileReference; fileEncoding = 4; lastKnownFileType = sourcecode.c.objc; path = MapInfoViewController.m; sourceTree = "<group>"; };
		E3FC88861BEAF3750016376D /* RadioButton.h */ = {isa = PBXFileReference; fileEncoding = 4; lastKnownFileType = sourcecode.c.h; path = RadioButton.h; sourceTree = "<group>"; };
		E3FC88871BEAF3750016376D /* RadioButton.m */ = {isa = PBXFileReference; fileEncoding = 4; lastKnownFileType = sourcecode.c.objc; path = RadioButton.m; sourceTree = "<group>"; };
		E3FC889E1BEB54050016376D /* CFNetwork.framework */ = {isa = PBXFileReference; lastKnownFileType = wrapper.framework; name = CFNetwork.framework; path = System/Library/Frameworks/CFNetwork.framework; sourceTree = SDKROOT; };
		E3FC88A01BEB54150016376D /* CoreFoundation.framework */ = {isa = PBXFileReference; lastKnownFileType = wrapper.framework; name = CoreFoundation.framework; path = System/Library/Frameworks/CoreFoundation.framework; sourceTree = SDKROOT; };
		E3FC88A21BEB541D0016376D /* UIKit.framework */ = {isa = PBXFileReference; lastKnownFileType = wrapper.framework; name = UIKit.framework; path = System/Library/Frameworks/UIKit.framework; sourceTree = SDKROOT; };
		E3FCC5EA1BF0924100FAB88C /* UIColor+Hex.h */ = {isa = PBXFileReference; fileEncoding = 4; lastKnownFileType = sourcecode.c.h; path = "UIColor+Hex.h"; sourceTree = "<group>"; };
		E3FCC5EB1BF0924100FAB88C /* UIColor+Hex.m */ = {isa = PBXFileReference; fileEncoding = 4; lastKnownFileType = sourcecode.c.objc; path = "UIColor+Hex.m"; sourceTree = "<group>"; };
/* End PBXFileReference section */

/* Begin PBXFrameworksBuildPhase section */
		E3C0B51B1BE1EAA5004437EC /* Frameworks */ = {
			isa = PBXFrameworksBuildPhase;
			buildActionMask = 2147483647;
			files = (
				E3FC88A31BEB541D0016376D /* UIKit.framework in Frameworks */,
				E3FC88A11BEB54150016376D /* CoreFoundation.framework in Frameworks */,
				E3FC889F1BEB54050016376D /* CFNetwork.framework in Frameworks */,
				4C667AEEA938854297F27795 /* libPods.a in Frameworks */,
			);
			runOnlyForDeploymentPostprocessing = 0;
		};
		E3C0B5371BE1EAA6004437EC /* Frameworks */ = {
			isa = PBXFrameworksBuildPhase;
			buildActionMask = 2147483647;
			files = (
			);
			runOnlyForDeploymentPostprocessing = 0;
		};
/* End PBXFrameworksBuildPhase section */

/* Begin PBXGroup section */
		0669935D8C147197333760BE /* Frameworks */ = {
			isa = PBXGroup;
			children = (
				E3FC88A21BEB541D0016376D /* UIKit.framework */,
				E3FC88A01BEB54150016376D /* CoreFoundation.framework */,
				E3FC889E1BEB54050016376D /* CFNetwork.framework */,
				AAC05B4E2E18680CC4941107 /* libPods.a */,
			);
			name = Frameworks;
			sourceTree = "<group>";
		};
		30DF2B08548D33E0C5C79D84 /* Pods */ = {
			isa = PBXGroup;
			children = (
				5977BFAC93DE4DCB521D4947 /* Pods.debug.xcconfig */,
				397759819632A14F21F4B158 /* Pods.release.xcconfig */,
			);
			name = Pods;
			sourceTree = "<group>";
		};
		E3106ED71CCDAF290031659A /* StarGazer */ = {
			isa = PBXGroup;
			children = (
				E36A67A31CEDAD9F00941DD1 /* ZDStickerView */,
				E36A67981CEDACB600941DD1 /* Floyed */,
				E39560D91CCE13D10059372B /* StarGazerViewController2.h */,
				E39560DA1CCE13D10059372B /* StarGazerViewController2.m */,
				E39560DB1CCE13D10059372B /* StarGazerViewController2.xib */,
				E3A15BC91CE2CA4800CD51BB /* STModel.h */,
				E3A15BCA1CE2CA4800CD51BB /* STModel.m */,
			);
			name = StarGazer;
			path = ..;
			sourceTree = "<group>";
		};
		E31636791BF07ACC002EB100 /* Tools */ = {
			isa = PBXGroup;
			children = (
				E34C264A1C2CDCB6007936D8 /* PopView */,
				E31636701BEDAA5D002EB100 /* CommonsFunc.h */,
				E31636711BEDAA5D002EB100 /* CommonsFunc.m */,
				E316367A1BF07AE4002EB100 /* CHYSlider.h */,
				E316367B1BF07AE4002EB100 /* CHYSlider.m */,
				E3FC88861BEAF3750016376D /* RadioButton.h */,
				E3FC88871BEAF3750016376D /* RadioButton.m */,
				E37BA5011BE462C700DB7A96 /* JSAnalogueStick.h */,
				E37BA5021BE462C700DB7A96 /* JSAnalogueStick.m */,
				E34B9A291C5A4163009E4B78 /* JSDPad.h */,
				E34B9A2A1C5A4163009E4B78 /* JSDPad.m */,
				E34B9A2C1C5A4178009E4B78 /* JsdpadImages */,
				E37BA5081BE7162500DB7A96 /* DeskView.h */,
				E37BA5091BE7162500DB7A96 /* DeskView.m */,
				E3FCC5EA1BF0924100FAB88C /* UIColor+Hex.h */,
				E3FCC5EB1BF0924100FAB88C /* UIColor+Hex.m */,
				E3768DC01C4E08290084916D /* InternationControl.h */,
				E3768DC11C4E08290084916D /* InternationControl.m */,
			);
			name = Tools;
			sourceTree = "<group>";
		};
		E34B9A2C1C5A4178009E4B78 /* JsdpadImages */ = {
			isa = PBXGroup;
			children = (
				E34B9A2D1C5A41A3009E4B78 /* dPad-Down.png */,
				E34B9A2E1C5A41A3009E4B78 /* dPad-Down@2x.png */,
				E34B9A2F1C5A41A3009E4B78 /* dPad-DownLeft.png */,
				E34B9A301C5A41A3009E4B78 /* dPad-DownLeft@2x.png */,
				E34B9A311C5A41A3009E4B78 /* dPad-DownRight.png */,
				E34B9A321C5A41A3009E4B78 /* dPad-DownRight@2x.png */,
				E34B9A331C5A41A3009E4B78 /* dPad-Left.png */,
				E34B9A341C5A41A3009E4B78 /* dPad-Left@2x.png */,
				E34B9A351C5A41A3009E4B78 /* dPad-None.png */,
				E34B9A361C5A41A3009E4B78 /* dPad-None@2x.png */,
				E34B9A371C5A41A3009E4B78 /* dPad-Right.png */,
				E34B9A381C5A41A3009E4B78 /* dPad-Right@2x.png */,
				E34B9A391C5A41A3009E4B78 /* dPad-Up.png */,
				E34B9A3A1C5A41A3009E4B78 /* dPad-Up@2x.png */,
				E34B9A3B1C5A41A3009E4B78 /* dPad-UpLeft.png */,
				E34B9A3C1C5A41A3009E4B78 /* dPad-UpLeft@2x.png */,
				E34B9A3D1C5A41A3009E4B78 /* dPad-UpRight.png */,
				E34B9A3E1C5A41A3009E4B78 /* dPad-UpRight@2x.png */,
			);
			name = JsdpadImages;
			sourceTree = "<group>";
		};
		E34C264A1C2CDCB6007936D8 /* PopView */ = {
			isa = PBXGroup;
			children = (
				E34C26631C2CEC43007936D8 /* DeskInfoModel.h */,
				E34C26641C2CEC43007936D8 /* DeskInfoModel.m */,
				E39DA2141C3A1E5E002065BE /* DeskInfoHelper.h */,
				E39DA2151C3A1E5E002065BE /* DeskInfoHelper.m */,
				E34C265E1C2CDCE1007936D8 /* PopupView.h */,
				E34C265F1C2CDCE1007936D8 /* PopupView.m */,
				E34C26601C2CDCE1007936D8 /* PopupView.xib */,
				E34C264B1C2CDCD2007936D8 /* LewPopupViewController.h */,
				E34C264C1C2CDCD2007936D8 /* LewPopupBackgroundView.h */,
				E34C264D1C2CDCD2007936D8 /* LewPopupBackgroundView.m */,
				E34C264E1C2CDCD3007936D8 /* LewPopupViewAnimationDrop.h */,
				E34C264F1C2CDCD3007936D8 /* LewPopupViewAnimationDrop.m */,
				E34C26501C2CDCD3007936D8 /* LewPopupViewAnimationFade.h */,
				E34C26511C2CDCD3007936D8 /* LewPopupViewAnimationFade.m */,
				E34C26521C2CDCD3007936D8 /* LewPopupViewAnimationSlide.h */,
				E34C26531C2CDCD3007936D8 /* LewPopupViewAnimationSlide.m */,
				E34C26541C2CDCD3007936D8 /* LewPopupViewAnimationSpring.h */,
				E34C26551C2CDCD3007936D8 /* LewPopupViewAnimationSpring.m */,
				E34C26561C2CDCD3007936D8 /* UIViewController+LewPopupViewController.h */,
				E34C26571C2CDCD3007936D8 /* UIViewController+LewPopupViewController.m */,
			);
			name = PopView;
			sourceTree = "<group>";
		};
		E35D11AF1C0F1C91009AF0BB /* Settings */ = {
			isa = PBXGroup;
			children = (
				E35D11A61C0ECAA3009AF0BB /* SettingViewController.h */,
				E35D11A71C0ECAA3009AF0BB /* SettingViewController.m */,
				E35D11B01C0F1CC0009AF0BB /* PickDeskNumViewController.h */,
				E35D11B11C0F1CC0009AF0BB /* PickDeskNumViewController.m */,
			);
			name = Settings;
			sourceTree = "<group>";
		};
		E36A67981CEDACB600941DD1 /* Floyed */ = {
			isa = PBXGroup;
			children = (
				E36A67991CEDACD600941DD1 /* RobotRouteViewController2.h */,
				E36A679A1CEDACD600941DD1 /* RobotRouteViewController2.m */,
				E3E1ECA01CF291C4006E7DC5 /* RobotRouteViewController3.h */,
				E3E1ECA11CF291C4006E7DC5 /* RobotRouteViewController3.m */,
				E36A679B1CEDACD600941DD1 /* RouteHeader.h */,
				E36A679C1CEDACD600941DD1 /* FloydAlgorithm.h */,
				E36A679D1CEDACD600941DD1 /* FloydAlgorithm.m */,
				E36A679E1CEDACD600941DD1 /* RouteView.h */,
				E36A679F1CEDACD600941DD1 /* RouteView.m */,
				E3DFC53C1CF3336800206A07 /* DataCenter.h */,
				E3DFC53D1CF3336800206A07 /* DataCenter.m */,
				E3E1ECA31CF2EED4006E7DC5 /* EditGraphViewController.h */,
				E3E1ECA41CF2EED4006E7DC5 /* EditGraphViewController.m */,
				E3F430341CF42748003674EC /* MapInfoViewController.h */,
				E3F430351CF42748003674EC /* MapInfoViewController.m */,
				E35933401CF3F19D00636800 /* EditGraphModelAndCell.h */,
				E35933411CF3F19D00636800 /* EditGraphModelAndCell.m */,
			);
			name = Floyed;
			sourceTree = "<group>";
		};
		E36A67A31CEDAD9F00941DD1 /* ZDStickerView */ = {
			isa = PBXGroup;
			children = (
				E36A67A41CEDADB600941DD1 /* ZDStickerView.h */,
				E36A67A51CEDADB600941DD1 /* ZDStickerView.m */,
				E36A67A61CEDADB600941DD1 /* SPGripViewBorderView.h */,
				E36A67A71CEDADB600941DD1 /* SPGripViewBorderView.m */,
				E36A67A81CEDADB600941DD1 /* ZDStickerView.bundle */,
			);
			name = ZDStickerView;
			sourceTree = "<group>";
		};
		E3C0B5151BE1EAA5004437EC = {
			isa = PBXGroup;
			children = (
				E3C0B5201BE1EAA5004437EC /* HitProject */,
				E3C0B53D1BE1EAA6004437EC /* HitProjectTests */,
				E3C0B51F1BE1EAA5004437EC /* Products */,
				30DF2B08548D33E0C5C79D84 /* Pods */,
				0669935D8C147197333760BE /* Frameworks */,
			);
			sourceTree = "<group>";
		};
		E3C0B51F1BE1EAA5004437EC /* Products */ = {
			isa = PBXGroup;
			children = (
				E3C0B51E1BE1EAA5004437EC /* HitProject.app */,
				E3C0B53A1BE1EAA6004437EC /* HitProjectTests.xctest */,
			);
			name = Products;
			sourceTree = "<group>";
		};
		E3C0B5201BE1EAA5004437EC /* HitProject */ = {
			isa = PBXGroup;
			children = (
				E3106ED71CCDAF290031659A /* StarGazer */,
				E31636791BF07ACC002EB100 /* Tools */,
				E3FC888E1BEB52EE0016376D /* AsyncSocket */,
				E3E91FC91BEC7795003AE247 /* AppMacro.h */,
				E3B146BD1BED9CB100963FA8 /* PrefixHeader.pch */,
				E3C0B5251BE1EAA5004437EC /* AppDelegate.h */,
				E3C0B5261BE1EAA5004437EC /* AppDelegate.m */,
				E3E0F8A11C0E779C001CC06F /* Login */,
				E31636761BF05607002EB100 /* MainViewController.h */,
				E31636771BF05607002EB100 /* MainViewController.m */,
				E30B62AB1C40AAE5006712F1 /* GLViewProcessingTest.h */,
				E30B62AC1C40AAE5006712F1 /* GLViewProcessingTest.m */,
				E316366D1BEDA80A002EB100 /* ConnectStatesCell.h */,
				E316366E1BEDA80A002EB100 /* ConnectStatesCell.m */,
				E3C0B5281BE1EAA5004437EC /* FirstViewController.h */,
				E3C0B5291BE1EAA5004437EC /* FirstViewController.m */,
				E35D11AF1C0F1C91009AF0BB /* Settings */,
				E3C0B52B1BE1EAA5004437EC /* SecondViewController.h */,
				E3C0B52C1BE1EAA5004437EC /* SecondViewController.m */,
				E39EEF721CC5C24D00A812BF /* RobotStateCell.h */,
				E39EEF731CC5C24D00A812BF /* RobotStateCell.m */,
				E357F60E1BE20F6500AE9454 /* ThirdViewController.h */,
				E357F60F1BE20F6500AE9454 /* ThirdViewController.m */,
				E357F6111BE20F8100AE9454 /* FourthViewController.h */,
				E357F6121BE20F8100AE9454 /* FourthViewController.m */,
				E3C0B5311BE1EAA5004437EC /* Images.xcassets */,
				E3C0B5331BE1EAA5004437EC /* LaunchScreen.xib */,
				E3C0B5211BE1EAA5004437EC /* Supporting Files */,
			);
			path = HitProject;
			sourceTree = "<group>";
		};
		E3C0B5211BE1EAA5004437EC /* Supporting Files */ = {
			isa = PBXGroup;
			children = (
				E3C0B5221BE1EAA5004437EC /* Info.plist */,
				E3C0B5231BE1EAA5004437EC /* main.m */,
				E3768DCD1C4E0F310084916D /* InfoPlist.strings */,
				E3768DD31C4E11710084916D /* Localizable.strings */,
			);
			name = "Supporting Files";
			sourceTree = "<group>";
		};
		E3C0B53D1BE1EAA6004437EC /* HitProjectTests */ = {
			isa = PBXGroup;
			children = (
				E3C0B5401BE1EAA6004437EC /* HitProjectTests.m */,
				E3C0B53E1BE1EAA6004437EC /* Supporting Files */,
			);
			path = HitProjectTests;
			sourceTree = "<group>";
		};
		E3C0B53E1BE1EAA6004437EC /* Supporting Files */ = {
			isa = PBXGroup;
			children = (
				E3C0B53F1BE1EAA6004437EC /* Info.plist */,
			);
			name = "Supporting Files";
			sourceTree = "<group>";
		};
		E3E0F8A11C0E779C001CC06F /* Login */ = {
			isa = PBXGroup;
			children = (
				E3E0F8A21C0E77C1001CC06F /* LoginViewController.h */,
				E3E0F8A31C0E77C1001CC06F /* LoginViewController.m */,
				E3E0F8A41C0E77C1001CC06F /* LoginViewController.xib */,
				E35D11AC1C0EE0B8009AF0BB /* WebViewController.h */,
				E35D11AD1C0EE0B8009AF0BB /* WebViewController.m */,
				E35D11A91C0ECAD2009AF0BB /* ResetSecurityViewController.h */,
				E35D11AA1C0ECAD2009AF0BB /* ResetSecurityViewController.m */,
				E3E0F8C11C0E9224001CC06F /* loginImages */,
			);
			name = Login;
			sourceTree = "<group>";
		};
		E3E0F8C11C0E9224001CC06F /* loginImages */ = {
			isa = PBXGroup;
			children = (
				E3E0F8B51C0E7ABA001CC06F /* login_btn_blue_nor.png */,
				E3E0F8B61C0E7ABA001CC06F /* login_btn_blue_nor@2x.png */,
				E3E0F8B71C0E7ABA001CC06F /* login_btn_blue_press.png */,
				E3E0F8B81C0E7ABA001CC06F /* login_btn_blue_press@2x.png */,
				E3E0F8B11C0E7A7A001CC06F /* login_textfield_top.png */,
				E3E0F8B21C0E7A7A001CC06F /* login_textfield_top@2x.png */,
				E3E0F8BD1C0E7B60001CC06F /* login_avatar_default.png */,
				E3E0F8BE1C0E7B60001CC06F /* login_avatar_default@2x.png */,
				E3E0F8AD1C0E79CC001CC06F /* login_avatar.png */,
				E3E0F8AE1C0E79CC001CC06F /* login_avatar@2x.png */,
				E3E0F8A91C0E79BB001CC06F /* login_textfield_bottom.png */,
				E3E0F8AA1C0E79BB001CC06F /* login_textfield_bottom@2x.png */,
				E3E0F8A71C0E7982001CC06F /* login_textfield_mid.png */,
			);
			name = loginImages;
			sourceTree = "<group>";
		};
		E3FC888E1BEB52EE0016376D /* AsyncSocket */ = {
			isa = PBXGroup;
			children = (
				E31636731BF0428F002EB100 /* AsyncSocket.h */,
				E31636741BF0428F002EB100 /* AsyncSocket.m */,
				E3E91FC51BEC32C6003AE247 /* AsyncUdpSocket.h */,
				E3E91FC61BEC32C6003AE247 /* AsyncUdpSocket.m */,
				E3E91FC01BEC318F003AE247 /* ServerSocket.h */,
				E3E91FC11BEC318F003AE247 /* ServerSocket.m */,
				424F71311D45EBD400FB78FA /* StarGazerProtocol.h */,
				424F71321D45EBD400FB78FA /* StarGazerProtocol.m */,
				E30EEC3C1C2532BD00352235 /* SocketMessageModel.h */,
				E30EEC3D1C2532BD00352235 /* SocketMessageModel.m */,
				E3E91FCA1BEC8117003AE247 /* HitControl.h */,
				E3E91FCB1BEC8117003AE247 /* HitControl.m */,
				E3995C131CDC26B400834ADB /* HitNewControl.h */,
				E3995C141CDC26B400834ADB /* HitNewControl.m */,
				E3D671E01C3DEC3F00AF3391 /* HitControlHex.h */,
				E3D671E11C3DEC3F00AF3391 /* HitControlHex.m */,
				E33DD38A1BF20DE40028FCBD /* SocketClientViewController.h */,
				E33DD38B1BF20DE40028FCBD /* SocketClientViewController.m */,
				E33DD38C1BF20DE40028FCBD /* SocketClientViewController_iPhone.xib */,
				E33DD38F1BF20DED0028FCBD /* SocketClientViewController_iPad.xib */,
			);
			name = AsyncSocket;
			sourceTree = "<group>";
		};
/* End PBXGroup section */

/* Begin PBXNativeTarget section */
		E3C0B51D1BE1EAA5004437EC /* HitProject */ = {
			isa = PBXNativeTarget;
			buildConfigurationList = E3C0B5441BE1EAA6004437EC /* Build configuration list for PBXNativeTarget "HitProject" */;
			buildPhases = (
				FDD611CB063122FBAD1A8639 /* Check Pods Manifest.lock */,
				E3C0B51A1BE1EAA5004437EC /* Sources */,
				E3C0B51B1BE1EAA5004437EC /* Frameworks */,
				E3C0B51C1BE1EAA5004437EC /* Resources */,
				96501D703F2A551F431C1534 /* Copy Pods Resources */,
			);
			buildRules = (
			);
			dependencies = (
			);
			name = HitProject;
			productName = HitProject;
			productReference = E3C0B51E1BE1EAA5004437EC /* HitProject.app */;
			productType = "com.apple.product-type.application";
		};
		E3C0B5391BE1EAA6004437EC /* HitProjectTests */ = {
			isa = PBXNativeTarget;
			buildConfigurationList = E3C0B5471BE1EAA6004437EC /* Build configuration list for PBXNativeTarget "HitProjectTests" */;
			buildPhases = (
				E3C0B5361BE1EAA6004437EC /* Sources */,
				E3C0B5371BE1EAA6004437EC /* Frameworks */,
				E3C0B5381BE1EAA6004437EC /* Resources */,
			);
			buildRules = (
			);
			dependencies = (
				E3C0B53C1BE1EAA6004437EC /* PBXTargetDependency */,
			);
			name = HitProjectTests;
			productName = HitProjectTests;
			productReference = E3C0B53A1BE1EAA6004437EC /* HitProjectTests.xctest */;
			productType = "com.apple.product-type.bundle.unit-test";
		};
/* End PBXNativeTarget section */

/* Begin PBXProject section */
		E3C0B5161BE1EAA5004437EC /* Project object */ = {
			isa = PBXProject;
			attributes = {
				LastUpgradeCheck = 0710;
				ORGANIZATIONNAME = "郭龙";
				TargetAttributes = {
					E3C0B51D1BE1EAA5004437EC = {
						CreatedOnToolsVersion = 6.4;
						DevelopmentTeam = 72WKJ8DSMQ;
					};
					E3C0B5391BE1EAA6004437EC = {
						CreatedOnToolsVersion = 6.4;
						TestTargetID = E3C0B51D1BE1EAA5004437EC;
					};
				};
			};
			buildConfigurationList = E3C0B5191BE1EAA5004437EC /* Build configuration list for PBXProject "HitProject" */;
			compatibilityVersion = "Xcode 3.2";
			developmentRegion = English;
			hasScannedForEncodings = 0;
			knownRegions = (
				en,
				Base,
				"zh-Hans",
			);
			mainGroup = E3C0B5151BE1EAA5004437EC;
			productRefGroup = E3C0B51F1BE1EAA5004437EC /* Products */;
			projectDirPath = "";
			projectRoot = "";
			targets = (
				E3C0B51D1BE1EAA5004437EC /* HitProject */,
				E3C0B5391BE1EAA6004437EC /* HitProjectTests */,
			);
		};
/* End PBXProject section */

/* Begin PBXResourcesBuildPhase section */
		E3C0B51C1BE1EAA5004437EC /* Resources */ = {
			isa = PBXResourcesBuildPhase;
			buildActionMask = 2147483647;
			files = (
				E3E0F8BB1C0E7ABA001CC06F /* login_btn_blue_press.png in Resources */,
				E33DD3901BF20DED0028FCBD /* SocketClientViewController_iPad.xib in Resources */,
				E34B9A4F1C5A41A3009E4B78 /* dPad-UpRight.png in Resources */,
				E34B9A401C5A41A3009E4B78 /* dPad-Down@2x.png in Resources */,
				E33DD38E1BF20DE40028FCBD /* SocketClientViewController_iPhone.xib in Resources */,
				E3E0F8C01C0E7B60001CC06F /* login_avatar_default@2x.png in Resources */,
				E34B9A491C5A41A3009E4B78 /* dPad-Right.png in Resources */,
				E34B9A411C5A41A3009E4B78 /* dPad-DownLeft.png in Resources */,
				E36A67AB1CEDADB600941DD1 /* ZDStickerView.bundle in Resources */,
				E34B9A4C1C5A41A3009E4B78 /* dPad-Up@2x.png in Resources */,
				E34B9A4D1C5A41A3009E4B78 /* dPad-UpLeft.png in Resources */,
				E3E0F8A81C0E7982001CC06F /* login_textfield_mid.png in Resources */,
				E3C0B5351BE1EAA5004437EC /* LaunchScreen.xib in Resources */,
				E3E0F8B31C0E7A7A001CC06F /* login_textfield_top.png in Resources */,
				E34B9A481C5A41A3009E4B78 /* dPad-None@2x.png in Resources */,
				E34B9A451C5A41A3009E4B78 /* dPad-Left.png in Resources */,
				E34C26621C2CDCE1007936D8 /* PopupView.xib in Resources */,
				E3E0F8AB1C0E79BB001CC06F /* login_textfield_bottom.png in Resources */,
				E34B9A471C5A41A3009E4B78 /* dPad-None.png in Resources */,
				E3768DCB1C4E0F310084916D /* InfoPlist.strings in Resources */,
				E34B9A501C5A41A3009E4B78 /* dPad-UpRight@2x.png in Resources */,
				E3768DD11C4E11710084916D /* Localizable.strings in Resources */,
				E3E0F8BC1C0E7ABA001CC06F /* login_btn_blue_press@2x.png in Resources */,
				E34B9A4E1C5A41A3009E4B78 /* dPad-UpLeft@2x.png in Resources */,
				E3E0F8BF1C0E7B60001CC06F /* login_avatar_default.png in Resources */,
				E3E0F8AF1C0E79CC001CC06F /* login_avatar.png in Resources */,
				E34B9A4A1C5A41A3009E4B78 /* dPad-Right@2x.png in Resources */,
				E3E0F8A61C0E77C1001CC06F /* LoginViewController.xib in Resources */,
				E3C0B5321BE1EAA5004437EC /* Images.xcassets in Resources */,
				E3E0F8B91C0E7ABA001CC06F /* login_btn_blue_nor.png in Resources */,
				E3E0F8AC1C0E79BB001CC06F /* login_textfield_bottom@2x.png in Resources */,
				E3E0F8B41C0E7A7A001CC06F /* login_textfield_top@2x.png in Resources */,
				E39560DD1CCE13D10059372B /* StarGazerViewController2.xib in Resources */,
				E3E0F8B01C0E79CC001CC06F /* login_avatar@2x.png in Resources */,
				E34B9A461C5A41A3009E4B78 /* dPad-Left@2x.png in Resources */,
				E34B9A3F1C5A41A3009E4B78 /* dPad-Down.png in Resources */,
				E34B9A4B1C5A41A3009E4B78 /* dPad-Up.png in Resources */,
				E34B9A421C5A41A3009E4B78 /* dPad-DownLeft@2x.png in Resources */,
				E3E0F8BA1C0E7ABA001CC06F /* login_btn_blue_nor@2x.png in Resources */,
				E34B9A431C5A41A3009E4B78 /* dPad-DownRight.png in Resources */,
				E34B9A441C5A41A3009E4B78 /* dPad-DownRight@2x.png in Resources */,
			);
			runOnlyForDeploymentPostprocessing = 0;
		};
		E3C0B5381BE1EAA6004437EC /* Resources */ = {
			isa = PBXResourcesBuildPhase;
			buildActionMask = 2147483647;
			files = (
			);
			runOnlyForDeploymentPostprocessing = 0;
		};
/* End PBXResourcesBuildPhase section */

/* Begin PBXShellScriptBuildPhase section */
		96501D703F2A551F431C1534 /* Copy Pods Resources */ = {
			isa = PBXShellScriptBuildPhase;
			buildActionMask = 2147483647;
			files = (
			);
			inputPaths = (
			);
			name = "Copy Pods Resources";
			outputPaths = (
			);
			runOnlyForDeploymentPostprocessing = 0;
			shellPath = /bin/sh;
			shellScript = "\"${SRCROOT}/Pods/Target Support Files/Pods/Pods-resources.sh\"\n";
			showEnvVarsInLog = 0;
		};
		FDD611CB063122FBAD1A8639 /* Check Pods Manifest.lock */ = {
			isa = PBXShellScriptBuildPhase;
			buildActionMask = 2147483647;
			files = (
			);
			inputPaths = (
			);
			name = "Check Pods Manifest.lock";
			outputPaths = (
			);
			runOnlyForDeploymentPostprocessing = 0;
			shellPath = /bin/sh;
			shellScript = "diff \"${PODS_ROOT}/../Podfile.lock\" \"${PODS_ROOT}/Manifest.lock\" > /dev/null\nif [[ $? != 0 ]] ; then\n    cat << EOM\nerror: The sandbox is not in sync with the Podfile.lock. Run 'pod install' or update your CocoaPods installation.\nEOM\n    exit 1\nfi\n";
			showEnvVarsInLog = 0;
		};
/* End PBXShellScriptBuildPhase section */

/* Begin PBXSourcesBuildPhase section */
		E3C0B51A1BE1EAA5004437EC /* Sources */ = {
			isa = PBXSourcesBuildPhase;
			buildActionMask = 2147483647;
			files = (
				E36A67A01CEDACD600941DD1 /* RobotRouteViewController2.m in Sources */,
				E357F6131BE20F8100AE9454 /* FourthViewController.m in Sources */,
				E3E91FCC1BEC8117003AE247 /* HitControl.m in Sources */,
				E3768DC21C4E08290084916D /* InternationControl.m in Sources */,
				E3C0B52D1BE1EAA5004437EC /* SecondViewController.m in Sources */,
				E30EEC3E1C2532BD00352235 /* SocketMessageModel.m in Sources */,
				E3A15BCB1CE2CA4800CD51BB /* STModel.m in Sources */,
				E35D11B21C0F1CC0009AF0BB /* PickDeskNumViewController.m in Sources */,
				E31636781BF05607002EB100 /* MainViewController.m in Sources */,
				E34C265D1C2CDCD3007936D8 /* UIViewController+LewPopupViewController.m in Sources */,
				E357F6101BE20F6500AE9454 /* ThirdViewController.m in Sources */,
				E34C26581C2CDCD3007936D8 /* LewPopupBackgroundView.m in Sources */,
				E34B9A2B1C5A4163009E4B78 /* JSDPad.m in Sources */,
				E3E91FC81BEC32C6003AE247 /* AsyncUdpSocket.m in Sources */,
				E3E1ECA51CF2EED4006E7DC5 /* EditGraphViewController.m in Sources */,
				424F71331D45EBD400FB78FA /* StarGazerProtocol.m in Sources */,
				E3F430361CF42748003674EC /* MapInfoViewController.m in Sources */,
				E36A67A91CEDADB600941DD1 /* ZDStickerView.m in Sources */,
				E34C26591C2CDCD3007936D8 /* LewPopupViewAnimationDrop.m in Sources */,
				E37BA5031BE462C700DB7A96 /* JSAnalogueStick.m in Sources */,
				E31636751BF0428F002EB100 /* AsyncSocket.m in Sources */,
				E316366F1BEDA80A002EB100 /* ConnectStatesCell.m in Sources */,
				E39560DC1CCE13D10059372B /* StarGazerViewController2.m in Sources */,
				E3C0B5271BE1EAA5004437EC /* AppDelegate.m in Sources */,
				E3FC88881BEAF3750016376D /* RadioButton.m in Sources */,
				E3C0B52A1BE1EAA5004437EC /* FirstViewController.m in Sources */,
				E34C26651C2CEC43007936D8 /* DeskInfoModel.m in Sources */,
				E3E91FC21BEC318F003AE247 /* ServerSocket.m in Sources */,
				E36A67AA1CEDADB600941DD1 /* SPGripViewBorderView.m in Sources */,
				E3DFC53E1CF3336800206A07 /* DataCenter.m in Sources */,
				E3FCC5EC1BF0924100FAB88C /* UIColor+Hex.m in Sources */,
				E36A67A11CEDACD600941DD1 /* FloydAlgorithm.m in Sources */,
				E3E1ECA21CF291C4006E7DC5 /* RobotRouteViewController3.m in Sources */,
				E34C265C1C2CDCD3007936D8 /* LewPopupViewAnimationSpring.m in Sources */,
				E3C0B5241BE1EAA5004437EC /* main.m in Sources */,
				E316367C1BF07AE4002EB100 /* CHYSlider.m in Sources */,
				E31636721BEDAA5D002EB100 /* CommonsFunc.m in Sources */,
				E3995C151CDC26B400834ADB /* HitNewControl.m in Sources */,
				E35D11A81C0ECAA3009AF0BB /* SettingViewController.m in Sources */,
				E3E0F8A51C0E77C1001CC06F /* LoginViewController.m in Sources */,
				E30B62AD1C40AAE5006712F1 /* GLViewProcessingTest.m in Sources */,
				E35D11AE1C0EE0B8009AF0BB /* WebViewController.m in Sources */,
				E34C26611C2CDCE1007936D8 /* PopupView.m in Sources */,
				E34C265B1C2CDCD3007936D8 /* LewPopupViewAnimationSlide.m in Sources */,
				E34C265A1C2CDCD3007936D8 /* LewPopupViewAnimationFade.m in Sources */,
				E39EEF741CC5C24D00A812BF /* RobotStateCell.m in Sources */,
				E36A67A21CEDACD600941DD1 /* RouteView.m in Sources */,
				E37BA50A1BE7162500DB7A96 /* DeskView.m in Sources */,
				E39DA2161C3A1E5E002065BE /* DeskInfoHelper.m in Sources */,
				E3D671E21C3DEC3F00AF3391 /* HitControlHex.m in Sources */,
				E35D11AB1C0ECAD2009AF0BB /* ResetSecurityViewController.m in Sources */,
				E35933421CF3F19D00636800 /* EditGraphModelAndCell.m in Sources */,
				E33DD38D1BF20DE40028FCBD /* SocketClientViewController.m in Sources */,
			);
			runOnlyForDeploymentPostprocessing = 0;
		};
		E3C0B5361BE1EAA6004437EC /* Sources */ = {
			isa = PBXSourcesBuildPhase;
			buildActionMask = 2147483647;
			files = (
				E39DA2171C3A1E5E002065BE /* DeskInfoHelper.m in Sources */,
				E3C0B5411BE1EAA6004437EC /* HitProjectTests.m in Sources */,
			);
			runOnlyForDeploymentPostprocessing = 0;
		};
/* End PBXSourcesBuildPhase section */

/* Begin PBXTargetDependency section */
		E3C0B53C1BE1EAA6004437EC /* PBXTargetDependency */ = {
			isa = PBXTargetDependency;
			target = E3C0B51D1BE1EAA5004437EC /* HitProject */;
			targetProxy = E3C0B53B1BE1EAA6004437EC /* PBXContainerItemProxy */;
		};
/* End PBXTargetDependency section */

/* Begin PBXVariantGroup section */
		E3768DCD1C4E0F310084916D /* InfoPlist.strings */ = {
			isa = PBXVariantGroup;
			children = (
				E3768DCC1C4E0F310084916D /* en */,
				E3768DCE1C4E0F340084916D /* zh-Hans */,
			);
			name = InfoPlist.strings;
			sourceTree = "<group>";
		};
		E3768DD31C4E11710084916D /* Localizable.strings */ = {
			isa = PBXVariantGroup;
			children = (
				E3768DD21C4E11710084916D /* en */,
				E3768DD41C4E11770084916D /* zh-Hans */,
			);
			name = Localizable.strings;
			sourceTree = "<group>";
		};
		E3C0B5331BE1EAA5004437EC /* LaunchScreen.xib */ = {
			isa = PBXVariantGroup;
			children = (
				E3C0B5341BE1EAA5004437EC /* Base */,
			);
			name = LaunchScreen.xib;
			sourceTree = "<group>";
		};
/* End PBXVariantGroup section */

/* Begin XCBuildConfiguration section */
		E3C0B5421BE1EAA6004437EC /* Debug */ = {
			isa = XCBuildConfiguration;
			buildSettings = {
				ALWAYS_SEARCH_USER_PATHS = NO;
				CLANG_CXX_LANGUAGE_STANDARD = "gnu++0x";
				CLANG_CXX_LIBRARY = "libc++";
				CLANG_ENABLE_MODULES = YES;
				CLANG_ENABLE_OBJC_ARC = YES;
				CLANG_WARN_BOOL_CONVERSION = YES;
				CLANG_WARN_CONSTANT_CONVERSION = YES;
				CLANG_WARN_DIRECT_OBJC_ISA_USAGE = YES_ERROR;
				CLANG_WARN_EMPTY_BODY = YES;
				CLANG_WARN_ENUM_CONVERSION = YES;
				CLANG_WARN_INT_CONVERSION = YES;
				CLANG_WARN_OBJC_ROOT_CLASS = YES_ERROR;
				CLANG_WARN_UNREACHABLE_CODE = YES;
				CLANG_WARN__DUPLICATE_METHOD_MATCH = YES;
				"CODE_SIGN_IDENTITY[sdk=iphoneos*]" = "iPhone Developer";
				COPY_PHASE_STRIP = NO;
				DEBUG_INFORMATION_FORMAT = "dwarf-with-dsym";
				ENABLE_STRICT_OBJC_MSGSEND = YES;
				ENABLE_TESTABILITY = YES;
				GCC_C_LANGUAGE_STANDARD = gnu99;
				GCC_DYNAMIC_NO_PIC = NO;
				GCC_NO_COMMON_BLOCKS = YES;
				GCC_OPTIMIZATION_LEVEL = 0;
				GCC_PREPROCESSOR_DEFINITIONS = (
					"DEBUG=1",
					"$(inherited)",
				);
				GCC_SYMBOLS_PRIVATE_EXTERN = NO;
				GCC_WARN_64_TO_32_BIT_CONVERSION = YES;
				GCC_WARN_ABOUT_RETURN_TYPE = YES_ERROR;
				GCC_WARN_UNDECLARED_SELECTOR = YES;
				GCC_WARN_UNINITIALIZED_AUTOS = YES_AGGRESSIVE;
				GCC_WARN_UNUSED_FUNCTION = YES;
				GCC_WARN_UNUSED_VARIABLE = YES;
				IPHONEOS_DEPLOYMENT_TARGET = 8.1;
				MTL_ENABLE_DEBUG_INFO = YES;
				ONLY_ACTIVE_ARCH = YES;
				SDKROOT = iphoneos;
				TARGETED_DEVICE_FAMILY = "1,2";
			};
			name = Debug;
		};
		E3C0B5431BE1EAA6004437EC /* Release */ = {
			isa = XCBuildConfiguration;
			buildSettings = {
				ALWAYS_SEARCH_USER_PATHS = NO;
				CLANG_CXX_LANGUAGE_STANDARD = "gnu++0x";
				CLANG_CXX_LIBRARY = "libc++";
				CLANG_ENABLE_MODULES = YES;
				CLANG_ENABLE_OBJC_ARC = YES;
				CLANG_WARN_BOOL_CONVERSION = YES;
				CLANG_WARN_CONSTANT_CONVERSION = YES;
				CLANG_WARN_DIRECT_OBJC_ISA_USAGE = YES_ERROR;
				CLANG_WARN_EMPTY_BODY = YES;
				CLANG_WARN_ENUM_CONVERSION = YES;
				CLANG_WARN_INT_CONVERSION = YES;
				CLANG_WARN_OBJC_ROOT_CLASS = YES_ERROR;
				CLANG_WARN_UNREACHABLE_CODE = YES;
				CLANG_WARN__DUPLICATE_METHOD_MATCH = YES;
				"CODE_SIGN_IDENTITY[sdk=iphoneos*]" = "iPhone Developer";
				COPY_PHASE_STRIP = NO;
				DEBUG_INFORMATION_FORMAT = "dwarf-with-dsym";
				ENABLE_NS_ASSERTIONS = NO;
				ENABLE_STRICT_OBJC_MSGSEND = YES;
				GCC_C_LANGUAGE_STANDARD = gnu99;
				GCC_NO_COMMON_BLOCKS = YES;
				GCC_WARN_64_TO_32_BIT_CONVERSION = YES;
				GCC_WARN_ABOUT_RETURN_TYPE = YES_ERROR;
				GCC_WARN_UNDECLARED_SELECTOR = YES;
				GCC_WARN_UNINITIALIZED_AUTOS = YES_AGGRESSIVE;
				GCC_WARN_UNUSED_FUNCTION = YES;
				GCC_WARN_UNUSED_VARIABLE = YES;
				IPHONEOS_DEPLOYMENT_TARGET = 8.1;
				MTL_ENABLE_DEBUG_INFO = NO;
				SDKROOT = iphoneos;
				TARGETED_DEVICE_FAMILY = "1,2";
				VALIDATE_PRODUCT = YES;
			};
			name = Release;
		};
		E3C0B5451BE1EAA6004437EC /* Debug */ = {
			isa = XCBuildConfiguration;
			baseConfigurationReference = 5977BFAC93DE4DCB521D4947 /* Pods.debug.xcconfig */;
			buildSettings = {
				ASSETCATALOG_COMPILER_APPICON_NAME = AppIcon;
				CODE_SIGN_IDENTITY = "iPhone Developer";
				"CODE_SIGN_IDENTITY[sdk=iphoneos*]" = "iPhone Developer";
				GCC_PRECOMPILE_PREFIX_HEADER = NO;
				GCC_PREFIX_HEADER = /Users/guolong/Documents/2iOSDev/HitRobotProject/HitProject/PrefixHeader.pch;
				INFOPLIST_FILE = HitProject/Info.plist;
				LD_RUNPATH_SEARCH_PATHS = "$(inherited) @executable_path/Frameworks";
				PRODUCT_BUNDLE_IDENTIFIER = com.hitrobot.wuhuhateyougui;
				PRODUCT_NAME = "$(TARGET_NAME)";
				PROVISIONING_PROFILE = "";
				TARGETED_DEVICE_FAMILY = "1,2";
			};
			name = Debug;
		};
		E3C0B5461BE1EAA6004437EC /* Release */ = {
			isa = XCBuildConfiguration;
			baseConfigurationReference = 397759819632A14F21F4B158 /* Pods.release.xcconfig */;
			buildSettings = {
				ASSETCATALOG_COMPILER_APPICON_NAME = AppIcon;
				CODE_SIGN_IDENTITY = "iPhone Developer";
				"CODE_SIGN_IDENTITY[sdk=iphoneos*]" = "iPhone Developer";
				GCC_PRECOMPILE_PREFIX_HEADER = NO;
				GCC_PREFIX_HEADER = /Users/guolong/Documents/2iOSDev/HitRobotProject/HitProject/PrefixHeader.pch;
				INFOPLIST_FILE = HitProject/Info.plist;
				LD_RUNPATH_SEARCH_PATHS = "$(inherited) @executable_path/Frameworks";
				PRODUCT_BUNDLE_IDENTIFIER = com.hitrobot.wuhuhateyougui;
				PRODUCT_NAME = "$(TARGET_NAME)";
				PROVISIONING_PROFILE = "";
				TARGETED_DEVICE_FAMILY = "1,2";
			};
			name = Release;
		};
		E3C0B5481BE1EAA6004437EC /* Debug */ = {
			isa = XCBuildConfiguration;
			buildSettings = {
				BUNDLE_LOADER = "$(TEST_HOST)";
				FRAMEWORK_SEARCH_PATHS = "$(inherited)";
				GCC_PREPROCESSOR_DEFINITIONS = (
					"DEBUG=1",
					"$(inherited)",
				);
				INFOPLIST_FILE = HitProjectTests/Info.plist;
				LD_RUNPATH_SEARCH_PATHS = "$(inherited) @executable_path/Frameworks @loader_path/Frameworks";
				PRODUCT_BUNDLE_IDENTIFIER = "com.guolong.$(PRODUCT_NAME:rfc1034identifier)";
				PRODUCT_NAME = "$(TARGET_NAME)";
				TEST_HOST = "$(BUILT_PRODUCTS_DIR)/HitProject.app/HitProject";
			};
			name = Debug;
		};
		E3C0B5491BE1EAA6004437EC /* Release */ = {
			isa = XCBuildConfiguration;
			buildSettings = {
				BUNDLE_LOADER = "$(TEST_HOST)";
				FRAMEWORK_SEARCH_PATHS = "";
				INFOPLIST_FILE = HitProjectTests/Info.plist;
				LD_RUNPATH_SEARCH_PATHS = "$(inherited) @executable_path/Frameworks @loader_path/Frameworks";
				PRODUCT_BUNDLE_IDENTIFIER = "com.guolong.$(PRODUCT_NAME:rfc1034identifier)";
				PRODUCT_NAME = "$(TARGET_NAME)";
				TEST_HOST = "$(BUILT_PRODUCTS_DIR)/HitProject.app/HitProject";
			};
			name = Release;
		};
/* End XCBuildConfiguration section */

/* Begin XCConfigurationList section */
		E3C0B5191BE1EAA5004437EC /* Build configuration list for PBXProject "HitProject" */ = {
			isa = XCConfigurationList;
			buildConfigurations = (
				E3C0B5421BE1EAA6004437EC /* Debug */,
				E3C0B5431BE1EAA6004437EC /* Release */,
			);
			defaultConfigurationIsVisible = 0;
			defaultConfigurationName = Debug;
		};
		E3C0B5441BE1EAA6004437EC /* Build configuration list for PBXNativeTarget "HitProject" */ = {
			isa = XCConfigurationList;
			buildConfigurations = (
				E3C0B5451BE1EAA6004437EC /* Debug */,
				E3C0B5461BE1EAA6004437EC /* Release */,
			);
			defaultConfigurationIsVisible = 0;
			defaultConfigurationName = Debug;
		};
		E3C0B5471BE1EAA6004437EC /* Build configuration list for PBXNativeTarget "HitProjectTests" */ = {
			isa = XCConfigurationList;
			buildConfigurations = (
				E3C0B5481BE1EAA6004437EC /* Debug */,
				E3C0B5491BE1EAA6004437EC /* Release */,
			);
			defaultConfigurationIsVisible = 0;
			defaultConfigurationName = Debug;
		};
/* End XCConfigurationList section */
	};
	rootObject = E3C0B5161BE1EAA5004437EC /* Project object */;
}
